{
	"requires": true,
	"lockfileVersion": 1,
	"dependencies": {
		"http-https": {
			"version": "1.0.0",
			"resolved": "https://registry.npmjs.org/http-https/-/http-https-1.0.0.tgz",
			"integrity": "sha1-L5CN1fHbQGjAWM1ubUzjkskTOJs="
		},
		"oboe": {
			"version": "2.1.3",
			"resolved": "https://registry.npmjs.org/oboe/-/oboe-2.1.3.tgz",
			"integrity": "sha1-K0hl29Rr6BIlcT9Om/5Lz09oCk8=",
			"requires": {
				"http-https": "1.0.0"
			}
		},
		"underscore": {
			"version": "1.8.3",
			"resolved": "https://registry.npmjs.org/underscore/-/underscore-1.8.3.tgz",
			"integrity": "sha1-Tz+1OxBuYJf8+ctBCfKl6b36UCI="
		}
	}
}
