{
	"name": "web3-providers-ipc",
	"version": "1.4.0",
	"lockfileVersion": 1,
	"requires": true,
	"dependencies": {
		"@types/node": {
			"version": "12.20.13",
			"resolved": "https://registry.npmjs.org/@types/node/-/node-12.20.13.tgz",
			"integrity": "sha512-1x8W5OpxPq+T85OUsHRP6BqXeosKmeXRtjoF39STcdf/UWLqUsoehstZKOi0CunhVqHG17AyZgpj20eRVooK6A==",
			"dev": true
		},
		"typescript": {
			"version": "3.9.9",
			"resolved": "https://registry.npmjs.org/typescript/-/typescript-3.9.9.tgz",
			"integrity": "sha512-kdMjTiekY+z/ubJCATUPlRDl39vXYiMV9iyeMuEuXZh2we6zz80uovNN2WlAxmmdE/Z/YQe+EbOEXB5RHEED3w==",
			"dev": true
		}
	}
}
