{
	"requires": true,
	"lockfileVersion": 1,
	"dependencies": {
		"http-https": {
			"version": "1.0.0",
			"resolved": "https://registry.npmjs.org/http-https/-/http-https-1.0.0.tgz",
			"integrity": "sha1-L5CN1fHbQGjAWM1ubUzjkskTOJs="
		},
		"oboe": {
			"version": "2.1.4",
			"resolved": "https://registry.npmjs.org/oboe/-/oboe-2.1.4.tgz",
			"integrity": "sha1-IMiM2wwVNxuwQRklfU/dNLCqSfY=",
			"requires": {
				"http-https": "^1.0.0"
			}
		},
		"underscore": {
			"version": "1.9.1",
			"resolved": "https://registry.npmjs.org/underscore/-/underscore-1.9.1.tgz",
			"integrity": "sha512-5/4etnCkd9c8gwgowi5/om/mYO5ajCaOgdzj/oW+0eQV9WxKBDZw5+ycmKmeaTXjInS/W0BzpGLo2xR2aBwZdg=="
		}
	}
}
