{
    "name": "web3-providers",
    "version": "1.0.0-beta.38",
    "lockfileVersion": 1,
    "requires": true,
    "dependencies": {
        "@types/node": {
            "version": "10.12.18",
            "resolved": "https://registry.npmjs.org/@types/node/-/node-10.12.18.tgz",
            "integrity": "sha512-fh+pAqt4xRzPfqA6eh3Z2y6fyZavRIumvjhaCL753+TVkGKGhpPeyrJG2JftD0T9q4GF00KjefsQ+PQNDdWQaQ=="
        }
    }
}
