{
	"name": "web3-eth-contract",
	"version": "1.6.1",
	"lockfileVersion": 1,
	"requires": true,
	"dependencies": {
		"@types/bn.js": {
			"version": "4.11.6",
			"resolved": "https://registry.npmjs.org/@types/bn.js/-/bn.js-4.11.6.tgz",
			"integrity": "sha512-pqr857jrp2kPuO9uRjZ3PwnJTjoQy+fcdxvBTvHm6dkmEL9q+hDD/2j/0ELOBPtPnS8LjCX0gI9nbl8lVkadpg==",
			"requires": {
				"@types/node": "*"
			},
			"dependencies": {
				"@types/node": {
					"version": "16.11.1",
					"resolved": "https://registry.npmjs.org/@types/node/-/node-16.11.1.tgz",
					"integrity": "sha512-PYGcJHL9mwl1Ek3PLiYgyEKtwTMmkMw4vbiyz/ps3pfdRYLVv+SN7qHVAImrjdAXxgluDEw6Ph4lyv+m9UpRmA=="
				}
			}
		},
		"typescript": {
			"version": "3.9.10",
			"resolved": "https://registry.npmjs.org/typescript/-/typescript-3.9.10.tgz",
			"integrity": "sha512-w6fIxVE/H1PkLKcCPsFqKE7Kv7QUwhU8qQY2MueZXWx5cPZdwFupLgKK3vntcK98BtNHZtAF4LA/yl2a7k8R6Q==",
			"dev": true
		}
	}
}
