{
	"requires": true,
	"lockfileVersion": 1,
	"dependencies": {
		"d": {
			"version": "1.0.1",
			"resolved": "https://registry.npmjs.org/d/-/d-1.0.1.tgz",
			"integrity": "sha512-m62ShEObQ39CfralilEQRjH6oAMtNCV1xJyEx5LpRYUVN+EviphDgUc/F3hnYbADmkiNs67Y+3ylmlG7Lnu+FA==",
			"requires": {
				"es5-ext": "^0.10.50",
				"type": "^1.0.1"
			}
		},
		"debug": {
			"version": "2.6.9",
			"resolved": "https://registry.npmjs.org/debug/-/debug-2.6.9.tgz",
			"integrity": "sha512-bC7ElrdJaJnPbAP+1EotYvqZsb3ecl5wi6Bfi6BJTUcNowp6cvspg0jXznRTKDjm/E7AdgFBVeAPVMNcKGsHMA==",
			"requires": {
				"ms": "2.0.0"
			}
		},
		"es5-ext": {
			"version": "0.10.50",
			"resolved": "https://registry.npmjs.org/es5-ext/-/es5-ext-0.10.50.tgz",
			"integrity": "sha512-KMzZTPBkeQV/JcSQhI5/z6d9VWJ3EnQ194USTUwIYZ2ZbpN8+SGXQKt1h68EX44+qt+Fzr8DO17vnxrw7c3agw==",
			"requires": {
				"es6-iterator": "~2.0.3",
				"es6-symbol": "~3.1.1",
				"next-tick": "^1.0.0"
			}
		},
		"es6-iterator": {
			"version": "2.0.3",
			"resolved": "https://registry.npmjs.org/es6-iterator/-/es6-iterator-2.0.3.tgz",
			"integrity": "sha1-p96IkUGgWpSwhUQDstCg+/qY87c=",
			"requires": {
				"d": "1",
				"es5-ext": "^0.10.35",
				"es6-symbol": "^3.1.1"
			}
		},
		"es6-symbol": {
			"version": "3.1.1",
			"resolved": "https://registry.npmjs.org/es6-symbol/-/es6-symbol-3.1.1.tgz",
			"integrity": "sha1-vwDvT9q2uhtG7Le2KbTH7VcVzHc=",
			"requires": {
				"d": "1",
				"es5-ext": "~0.10.14"
			}
		},
		"is-typedarray": {
			"version": "1.0.0",
			"resolved": "https://registry.npmjs.org/is-typedarray/-/is-typedarray-1.0.0.tgz",
			"integrity": "sha1-5HnICFjfDBsR3dppQPlgEfzaSpo="
		},
		"ms": {
			"version": "2.0.0",
			"resolved": "https://registry.npmjs.org/ms/-/ms-2.0.0.tgz",
			"integrity": "sha1-VgiurfwAvmwpAd9fmGF4jeDVl8g="
		},
		"nan": {
			"version": "2.14.0",
			"resolved": "https://registry.npmjs.org/nan/-/nan-2.14.0.tgz",
			"integrity": "sha512-INOFj37C7k3AfaNTtX8RhsTw7qRy7eLET14cROi9+5HAVbbHuIWUHEauBv5qT4Av2tWasiTY1Jw6puUNqRJXQg=="
		},
		"next-tick": {
			"version": "1.0.0",
			"resolved": "https://registry.npmjs.org/next-tick/-/next-tick-1.0.0.tgz",
			"integrity": "sha1-yobR/ogoFpsBICCOPchCS524NCw="
		},
		"type": {
			"version": "1.0.1",
			"resolved": "https://registry.npmjs.org/type/-/type-1.0.1.tgz",
			"integrity": "sha512-MAM5dBMJCJNKs9E7JXo4CXRAansRfG0nlJxW7Wf6GZzSOvH31zClSaHdIMWLehe/EGMBkqeC55rrkaOr5Oo7Nw=="
		},
		"typedarray-to-buffer": {
			"version": "3.1.5",
			"resolved": "https://registry.npmjs.org/typedarray-to-buffer/-/typedarray-to-buffer-3.1.5.tgz",
			"integrity": "sha512-zdu8XMNEDepKKR+XYOXAVPtWui0ly0NtohUscw+UmaHiAWT8hrV1rr//H6V+0DvJ3OQ19S979M0laLfX8rm82Q==",
			"requires": {
				"is-typedarray": "^1.0.0"
			}
		},
		"underscore": {
			"version": "1.9.1",
			"resolved": "https://registry.npmjs.org/underscore/-/underscore-1.9.1.tgz",
			"integrity": "sha512-5/4etnCkd9c8gwgowi5/om/mYO5ajCaOgdzj/oW+0eQV9WxKBDZw5+ycmKmeaTXjInS/W0BzpGLo2xR2aBwZdg=="
		},
		"websocket": {
			"version": "github:web3-js/WebSocket-Node#b134a75541b5db59668df81c03e926cd5f325077",
			"from": "github:web3-js/WebSocket-Node#polyfill/globalThis",
			"requires": {
				"debug": "^2.2.0",
				"es5-ext": "^0.10.50",
				"nan": "^2.14.0",
				"typedarray-to-buffer": "^3.1.5",
				"yaeti": "^0.0.6"
			}
		},
		"yaeti": {
			"version": "0.0.6",
			"resolved": "https://registry.npmjs.org/yaeti/-/yaeti-0.0.6.tgz",
			"integrity": "sha1-8m9ITXJoTPQr7ft2lwqhYI+/lXc="
		}
	}
}
