{
    "name": "web3-providers-ws",
    "version": "4.0.0",
    "lockfileVersion": 1,
    "requires": true,
    "dependencies": {
        "@types/node": {
            "version": "16.4.3",
            "resolved": "https://registry.npmjs.org/@types/node/-/node-16.4.3.tgz",
            "integrity": "sha512-GKM4FLMkWDc0sfx7tXqPWkM6NBow1kge0fgQh0bOnlqo4iT1kvTvMEKE0c1RtUGnbLlGRXiAA8SumE//90uKAg=="
        },
        "@types/websocket": {
            "version": "1.0.3",
            "resolved": "https://registry.npmjs.org/@types/websocket/-/websocket-1.0.3.tgz",
            "integrity": "sha512-ZdoTSwmDsKR7l1I8fpfQtmTI/hUwlOvE3q0iyJsp4tXU0MkdrYowimDzwxjhQvxU4qjhHLd3a6ig0OXRbLgIdw==",
            "dev": true,
            "requires": {
                "@types/node": "*"
            }
        }
    }
}
