{
	"name": "web3-core-promievent",
	"version": "1.3.0",
	"lockfileVersion": 1,
	"requires": true,
	"dependencies": {
		"eventemitter3": {
			"version": "4.0.4",
			"resolved": "https://registry.npmjs.org/eventemitter3/-/eventemitter3-4.0.4.tgz",
			"integrity": "sha512-rlaVLnVxtxvoyLsQQFBx53YmXHDxRIzzTLbdfxqi4yocpSjAxXwkU0cScM5JgSKMqEhrZpnvQ2D9gjylR0AimQ=="
		}
	}
}
