{
	"requires": true,
	"lockfileVersion": 1,
	"dependencies": {
		"bluebird": {
			"version": "3.3.1",
			"resolved": "https://registry.npmjs.org/bluebird/-/bluebird-3.3.1.tgz",
			"integrity": "sha1-+Xrhlw9B2FF3KDBT6aEgFg5mxh0="
		},
		"eventemitter3": {
			"version": "1.1.1",
			"resolved": "https://registry.npmjs.org/eventemitter3/-/eventemitter3-1.1.1.tgz",
			"integrity": "sha1-R3hr2qCHyvext15zq8XH1UAVjNA="
		}
	}
}
