{
	"name": "web3-core-promievent",
	"version": "1.2.4",
	"lockfileVersion": 1,
	"requires": true,
	"dependencies": {
		"any-promise": {
			"version": "1.3.0",
			"resolved": "https://registry.npmjs.org/any-promise/-/any-promise-1.3.0.tgz",
			"integrity": "sha1-q8av7tzqUugJzcA3au0845Y10X8="
		},
		"eventemitter3": {
			"version": "3.1.2",
			"resolved": "https://registry.npmjs.org/eventemitter3/-/eventemitter3-3.1.2.tgz",
			"integrity": "sha512-tvtQIeLVHjDkJYnzf2dgVMxfuSGJeM/7UCG17TT4EumTfNtF+0nebF/4zWOIkCreAbtNqhGEboB6BWrwqNaw4Q=="
		}
	}
}
