{
	"name": "web3-eth-iban",
	"version": "1.4.0",
	"lockfileVersion": 1,
	"requires": true,
	"dependencies": {
		"typescript": {
			"version": "3.9.9",
			"resolved": "https://registry.npmjs.org/typescript/-/typescript-3.9.9.tgz",
			"integrity": "sha512-kdMjTiekY+z/ubJCATUPlRDl39vXYiMV9iyeMuEuXZh2we6zz80uovNN2WlAxmmdE/Z/YQe+EbOEXB5RHEED3w==",
			"dev": true
		}
	}
}
