{
	"requires": true,
	"lockfileVersion": 1,
	"dependencies": {
<<<<<<< HEAD
		"cookiejar": {
			"version": "2.1.2",
			"resolved": "https://registry.npmjs.org/cookiejar/-/cookiejar-2.1.2.tgz",
			"integrity": "sha512-Mw+adcfzPxcPeI+0WlvRrr/3lGVO0bD75SxX6811cxSh1Wbxx7xZBGK1eVtDf6si8rg2lhnUjsVLMFMfbRIuwA=="
		},
		"xhr2-cookies": {
			"version": "1.1.0",
			"resolved": "https://registry.npmjs.org/xhr2-cookies/-/xhr2-cookies-1.1.0.tgz",
			"integrity": "sha1-fXdEnQmZGX8VXLc7I99yUF7YnUg=",
			"requires": {
				"cookiejar": "^2.1.1"
			}
=======
		"xhr2": {
			"version": "0.1.4",
			"resolved": "https://registry.npmjs.org/xhr2/-/xhr2-0.1.4.tgz",
			"integrity": "sha1-f4dliEdxbbUCYyOBL4GMras4el8="
>>>>>>> 11e21f49ff74d928dbb5bc7c7f7b87f9e11c59ac
		}
	}
}
