{
	"requires": true,
	"lockfileVersion": 1,
	"dependencies": {
		"bn.js": {
			"version": "4.11.6",
			"resolved": "https://registry.npmjs.org/bn.js/-/bn.js-4.11.6.tgz",
			"integrity": "sha1-UzRK2xRhehP26N0s4okF0cC6MhU="
		},
		"underscore": {
			"version": "1.8.3",
			"resolved": "https://registry.npmjs.org/underscore/-/underscore-1.8.3.tgz",
			"integrity": "sha1-Tz+1OxBuYJf8+ctBCfKl6b36UCI="
		}
	}
}
