{
	"requires": true,
	"lockfileVersion": 1,
	"dependencies": {
		"cookiejar": {
			"version": "2.1.2",
			"resolved": "https://registry.npmjs.org/cookiejar/-/cookiejar-2.1.2.tgz",
			"integrity": "sha512-Mw+adcfzPxcPeI+0WlvRrr/3lGVO0bD75SxX6811cxSh1Wbxx7xZBGK1eVtDf6si8rg2lhnUjsVLMFMfbRIuwA=="
		},
		"debug": {
			"version": "2.6.9",
			"resolved": "https://registry.npmjs.org/debug/-/debug-2.6.9.tgz",
			"integrity": "sha512-bC7ElrdJaJnPbAP+1EotYvqZsb3ecl5wi6Bfi6BJTUcNowp6cvspg0jXznRTKDjm/E7AdgFBVeAPVMNcKGsHMA==",
			"requires": {
				"ms": "2.0.0"
			}
		},
		"http-https": {
			"version": "1.0.0",
			"resolved": "https://registry.npmjs.org/http-https/-/http-https-1.0.0.tgz",
			"integrity": "sha1-L5CN1fHbQGjAWM1ubUzjkskTOJs="
		},
		"is-typedarray": {
			"version": "1.0.0",
			"resolved": "https://registry.npmjs.org/is-typedarray/-/is-typedarray-1.0.0.tgz",
			"integrity": "sha1-5HnICFjfDBsR3dppQPlgEfzaSpo="
		},
		"ms": {
			"version": "2.0.0",
			"resolved": "https://registry.npmjs.org/ms/-/ms-2.0.0.tgz",
			"integrity": "sha1-VgiurfwAvmwpAd9fmGF4jeDVl8g="
		},
		"nan": {
			"version": "2.11.0",
			"resolved": "https://registry.npmjs.org/nan/-/nan-2.11.0.tgz",
			"integrity": "sha512-F4miItu2rGnV2ySkXOQoA8FKz/SR2Q2sWP0sbTxNxz/tuokeC8WxOhPMcwi0qIyGtVn/rrSeLbvVkznqCdwYnw=="
		},
		"oboe": {
			"version": "2.1.3",
			"resolved": "https://registry.npmjs.org/oboe/-/oboe-2.1.3.tgz",
			"integrity": "sha1-K0hl29Rr6BIlcT9Om/5Lz09oCk8=",
			"requires": {
				"http-https": "^1.0.0"
			}
		},
		"typedarray-to-buffer": {
			"version": "3.1.5",
			"resolved": "https://registry.npmjs.org/typedarray-to-buffer/-/typedarray-to-buffer-3.1.5.tgz",
			"integrity": "sha512-zdu8XMNEDepKKR+XYOXAVPtWui0ly0NtohUscw+UmaHiAWT8hrV1rr//H6V+0DvJ3OQ19S979M0laLfX8rm82Q==",
			"requires": {
				"is-typedarray": "^1.0.0"
			}
		},
		"underscore": {
			"version": "1.8.3",
			"resolved": "https://registry.npmjs.org/underscore/-/underscore-1.8.3.tgz",
			"integrity": "sha1-Tz+1OxBuYJf8+ctBCfKl6b36UCI="
		},
		"websocket": {
			"version": "git://github.com/frozeman/WebSocket-Node.git#6c72925e3f8aaaea8dc8450f97627e85263999f2",
			"from": "git://github.com/frozeman/WebSocket-Node.git#browserifyCompatible",
			"requires": {
				"debug": "^2.2.0",
				"nan": "^2.3.3",
				"typedarray-to-buffer": "^3.1.2",
				"yaeti": "^0.0.6"
			}
		},
		"xhr2-cookies": {
			"version": "1.1.0",
			"resolved": "https://registry.npmjs.org/xhr2-cookies/-/xhr2-cookies-1.1.0.tgz",
			"integrity": "sha1-fXdEnQmZGX8VXLc7I99yUF7YnUg=",
			"requires": {
				"cookiejar": "^2.1.1"
			}
		},
		"yaeti": {
			"version": "0.0.6",
			"resolved": "https://registry.npmjs.org/yaeti/-/yaeti-0.0.6.tgz",
			"integrity": "sha1-8m9ITXJoTPQr7ft2lwqhYI+/lXc="
		}
	}
}
