{
	"name": "web3-utils",
	"version": "1.8.2",
	"lockfileVersion": 1,
	"requires": true,
	"dependencies": {
		"ethereumjs-util": {
			"version": "7.1.5",
			"resolved": "https://registry.npmjs.org/ethereumjs-util/-/ethereumjs-util-7.1.5.tgz",
			"integrity": "sha512-SDl5kKrQAudFBUe5OJM9Ac6WmMyYmXX/6sTmLZ3ffG2eY6ZIGBes3pEDxNN6V72WyOw4CPD5RomKdsa8DAAwLg==",
			"requires": {
				"@types/bn.js": "^5.1.0",
				"bn.js": "^5.1.2",
				"create-hash": "^1.1.2",
				"ethereum-cryptography": "^0.1.3",
				"rlp": "^2.2.4"
			},
			"dependencies": {
				"@types/bn.js": {
					"version": "5.1.1",
					"resolved": "https://registry.npmjs.org/@types/bn.js/-/bn.js-5.1.1.tgz",
					"integrity": "sha512-qNrYbZqMx0uJAfKnKclPh+dTwK33KfLHYqtyODwd5HnXOjnkhc4qgn3BrK6RWyGZm5+sIFE7Q7Vz6QQtJB7w7g==",
					"requires": {
						"@types/node": "*"
					}
				},
				"@types/node": {
					"version": "18.11.18",
					"resolved": "https://registry.npmjs.org/@types/node/-/node-18.11.18.tgz",
					"integrity": "sha512-DHQpWGjyQKSHj3ebjFI/wRKcqQcdR+MoFBygntYOZytCqNfkd2ZC4ARDJ2DQqhjH5p85Nnd3jhUJIXrszFX/JA=="
				},
				"@types/pbkdf2": {
					"version": "3.1.0",
					"resolved": "https://registry.npmjs.org/@types/pbkdf2/-/pbkdf2-3.1.0.tgz",
					"integrity": "sha512-Cf63Rv7jCQ0LaL8tNXmEyqTHuIJxRdlS5vMh1mj5voN4+QFhVZnlZruezqpWYDiJ8UTzhP0VmeLXCmBk66YrMQ==",
					"requires": {
						"@types/node": "*"
					}
				},
				"@types/secp256k1": {
					"version": "4.0.3",
					"resolved": "https://registry.npmjs.org/@types/secp256k1/-/secp256k1-4.0.3.tgz",
					"integrity": "sha512-Da66lEIFeIz9ltsdMZcpQvmrmmoqrfju8pm1BH8WbYjZSwUgCwXLb9C+9XYogwBITnbsSaMdVPb2ekf7TV+03w==",
					"requires": {
						"@types/node": "*"
					}
				},
				"base-x": {
					"version": "3.0.9",
					"resolved": "https://registry.npmjs.org/base-x/-/base-x-3.0.9.tgz",
					"integrity": "sha512-H7JU6iBHTal1gp56aKoaa//YUxEaAOUiydvrV/pILqIHXTtqxSkATOnDA2u+jZ/61sD+L/412+7kzXRtWukhpQ==",
					"requires": {
						"safe-buffer": "^5.0.1"
					}
				},
				"blakejs": {
					"version": "1.2.1",
					"resolved": "https://registry.npmjs.org/blakejs/-/blakejs-1.2.1.tgz",
					"integrity": "sha512-QXUSXI3QVc/gJME0dBpXrag1kbzOqCjCX8/b54ntNyW6sjtoqxqRk3LTmXzaJoh71zMsDCjM+47jS7XiwN/+fQ=="
				},
				"bn.js": {
					"version": "5.2.1",
					"resolved": "https://registry.npmjs.org/bn.js/-/bn.js-5.2.1.tgz",
					"integrity": "sha512-eXRvHzWyYPBuB4NBy0cmYQjGitUrtqwbvlzP3G6VFnNRbsZQIxQ10PbKKHt8gZ/HW/D/747aDl+QkDqg3KQLMQ=="
				},
				"brorand": {
					"version": "1.1.0",
					"resolved": "https://registry.npmjs.org/brorand/-/brorand-1.1.0.tgz",
					"integrity": "sha512-cKV8tMCEpQs4hK/ik71d6LrPOnpkpGBR0wzxqr68g2m/LB2GxVYQroAjMJZRVM1Y4BCjCKc3vAamxSzOY2RP+w=="
				},
				"browserify-aes": {
					"version": "1.2.0",
					"resolved": "https://registry.npmjs.org/browserify-aes/-/browserify-aes-1.2.0.tgz",
					"integrity": "sha512-+7CHXqGuspUn/Sl5aO7Ea0xWGAtETPXNSAjHo48JfLdPWcMng33Xe4znFvQweqc/uzk5zSOI3H52CYnjCfb5hA==",
					"requires": {
						"buffer-xor": "^1.0.3",
						"cipher-base": "^1.0.0",
						"create-hash": "^1.1.0",
						"evp_bytestokey": "^1.0.3",
						"inherits": "^2.0.1",
						"safe-buffer": "^5.0.1"
					}
				},
				"bs58": {
					"version": "4.0.1",
					"resolved": "https://registry.npmjs.org/bs58/-/bs58-4.0.1.tgz",
					"integrity": "sha512-Ok3Wdf5vOIlBrgCvTq96gBkJw+JUEzdBgyaza5HLtPm7yTHkjRy8+JzNyHF7BHa0bNWOQIp3m5YF0nnFcOIKLw==",
					"requires": {
						"base-x": "^3.0.2"
					}
				},
				"bs58check": {
					"version": "2.1.2",
					"resolved": "https://registry.npmjs.org/bs58check/-/bs58check-2.1.2.tgz",
					"integrity": "sha512-0TS1jicxdU09dwJMNZtVAfzPi6Q6QeN0pM1Fkzrjn+XYHvzMKPU3pHVpva+769iNVSfIYWf7LJ6WR+BuuMf8cA==",
					"requires": {
						"bs58": "^4.0.0",
						"create-hash": "^1.1.0",
						"safe-buffer": "^5.1.2"
					}
				},
				"buffer-xor": {
					"version": "1.0.3",
					"resolved": "https://registry.npmjs.org/buffer-xor/-/buffer-xor-1.0.3.tgz",
					"integrity": "sha512-571s0T7nZWK6vB67HI5dyUF7wXiNcfaPPPTl6zYCNApANjIvYJTg7hlud/+cJpdAhS7dVzqMLmfhfHR3rAcOjQ=="
				},
				"cipher-base": {
					"version": "1.0.4",
					"resolved": "https://registry.npmjs.org/cipher-base/-/cipher-base-1.0.4.tgz",
					"integrity": "sha512-Kkht5ye6ZGmwv40uUDZztayT2ThLQGfnj/T71N/XzeZeo3nf8foyW7zGTsPYkEya3m5f3cAypH+qe7YOrM1U2Q==",
					"requires": {
						"inherits": "^2.0.1",
						"safe-buffer": "^5.0.1"
					}
				},
				"create-hash": {
					"version": "1.2.0",
					"resolved": "https://registry.npmjs.org/create-hash/-/create-hash-1.2.0.tgz",
					"integrity": "sha512-z00bCGNHDG8mHAkP7CtT1qVu+bFQUPjYq/4Iv3C3kWjTFV10zIjfSoeqXo9Asws8gwSHDGj/hl2u4OGIjapeCg==",
					"requires": {
						"cipher-base": "^1.0.1",
						"inherits": "^2.0.1",
						"md5.js": "^1.3.4",
						"ripemd160": "^2.0.1",
						"sha.js": "^2.4.0"
					}
				},
				"create-hmac": {
					"version": "1.1.7",
					"resolved": "https://registry.npmjs.org/create-hmac/-/create-hmac-1.1.7.tgz",
					"integrity": "sha512-MJG9liiZ+ogc4TzUwuvbER1JRdgvUFSB5+VR/g5h82fGaIRWMWddtKBHi7/sVhfjQZ6SehlyhvQYrcYkaUIpLg==",
					"requires": {
						"cipher-base": "^1.0.3",
						"create-hash": "^1.1.0",
						"inherits": "^2.0.1",
						"ripemd160": "^2.0.0",
						"safe-buffer": "^5.0.1",
						"sha.js": "^2.4.8"
					}
				},
				"elliptic": {
					"version": "6.5.4",
					"resolved": "https://registry.npmjs.org/elliptic/-/elliptic-6.5.4.tgz",
					"integrity": "sha512-iLhC6ULemrljPZb+QutR5TQGB+pdW6KGD5RSegS+8sorOZT+rdQFbsQFJgvN3eRqNALqJer4oQ16YvJHlU8hzQ==",
					"requires": {
						"bn.js": "^4.11.9",
						"brorand": "^1.1.0",
						"hash.js": "^1.0.0",
						"hmac-drbg": "^1.0.1",
						"inherits": "^2.0.4",
						"minimalistic-assert": "^1.0.1",
						"minimalistic-crypto-utils": "^1.0.1"
					},
					"dependencies": {
						"bn.js": {
							"version": "4.12.0",
							"resolved": "https://registry.npmjs.org/bn.js/-/bn.js-4.12.0.tgz",
							"integrity": "sha512-c98Bf3tPniI+scsdk237ku1Dc3ujXQTSgyiPUDEOe7tRkhrqridvh8klBv0HCEso1OLOYcHuCv/cS6DNxKH+ZA=="
						}
					}
				},
				"ethereum-cryptography": {
					"version": "0.1.3",
					"resolved": "https://registry.npmjs.org/ethereum-cryptography/-/ethereum-cryptography-0.1.3.tgz",
					"integrity": "sha512-w8/4x1SGGzc+tO97TASLja6SLd3fRIK2tLVcV2Gx4IB21hE19atll5Cq9o3d0ZmAYC/8aw0ipieTSiekAea4SQ==",
					"requires": {
						"@types/pbkdf2": "^3.0.0",
						"@types/secp256k1": "^4.0.1",
						"blakejs": "^1.1.0",
						"browserify-aes": "^1.2.0",
						"bs58check": "^2.1.2",
						"create-hash": "^1.2.0",
						"create-hmac": "^1.1.7",
						"hash.js": "^1.1.7",
						"keccak": "^3.0.0",
						"pbkdf2": "^3.0.17",
						"randombytes": "^2.1.0",
						"safe-buffer": "^5.1.2",
						"scrypt-js": "^3.0.0",
						"secp256k1": "^4.0.1",
						"setimmediate": "^1.0.5"
					}
				},
				"evp_bytestokey": {
					"version": "1.0.3",
					"resolved": "https://registry.npmjs.org/evp_bytestokey/-/evp_bytestokey-1.0.3.tgz",
					"integrity": "sha512-/f2Go4TognH/KvCISP7OUsHn85hT9nUkxxA9BEWxFn+Oj9o8ZNLm/40hdlgSLyuOimsrTKLUMEorQexp/aPQeA==",
					"requires": {
						"md5.js": "^1.3.4",
						"safe-buffer": "^5.1.1"
					}
				},
				"hash-base": {
					"version": "3.1.0",
					"resolved": "https://registry.npmjs.org/hash-base/-/hash-base-3.1.0.tgz",
					"integrity": "sha512-1nmYp/rhMDiE7AYkDw+lLwlAzz0AntGIe51F3RfFfEqyQ3feY2eI/NcwC6umIQVOASPMsWJLJScWKSSvzL9IVA==",
					"requires": {
						"inherits": "^2.0.4",
						"readable-stream": "^3.6.0",
						"safe-buffer": "^5.2.0"
					}
				},
				"hash.js": {
					"version": "1.1.7",
					"resolved": "https://registry.npmjs.org/hash.js/-/hash.js-1.1.7.tgz",
					"integrity": "sha512-taOaskGt4z4SOANNseOviYDvjEJinIkRgmp7LbKP2YTTmVxWBl87s/uzK9r+44BclBSp2X7K1hqeNfz9JbBeXA==",
					"requires": {
						"inherits": "^2.0.3",
						"minimalistic-assert": "^1.0.1"
					}
				},
				"hmac-drbg": {
					"version": "1.0.1",
					"resolved": "https://registry.npmjs.org/hmac-drbg/-/hmac-drbg-1.0.1.tgz",
					"integrity": "sha512-Tti3gMqLdZfhOQY1Mzf/AanLiqh1WTiJgEj26ZuYQ9fbkLomzGchCws4FyrSd4VkpBfiNhaE1On+lOz894jvXg==",
					"requires": {
						"hash.js": "^1.0.3",
						"minimalistic-assert": "^1.0.0",
						"minimalistic-crypto-utils": "^1.0.1"
					}
				},
				"inherits": {
					"version": "2.0.4",
					"resolved": "https://registry.npmjs.org/inherits/-/inherits-2.0.4.tgz",
					"integrity": "sha512-k/vGaX4/Yla3WzyMCvTQOXYeIHvqOKtnqBduzTHpzpQZzAskKMhZ2K+EnBiSM9zGSoIFeMpXKxa4dYeZIQqewQ=="
				},
				"keccak": {
					"version": "3.0.3",
					"resolved": "https://registry.npmjs.org/keccak/-/keccak-3.0.3.tgz",
					"integrity": "sha512-JZrLIAJWuZxKbCilMpNz5Vj7Vtb4scDG3dMXLOsbzBmQGyjwE61BbW7bJkfKKCShXiQZt3T6sBgALRtmd+nZaQ==",
					"requires": {
						"node-addon-api": "^2.0.0",
						"node-gyp-build": "^4.2.0",
						"readable-stream": "^3.6.0"
					}
				},
				"md5.js": {
					"version": "1.3.5",
					"resolved": "https://registry.npmjs.org/md5.js/-/md5.js-1.3.5.tgz",
					"integrity": "sha512-xitP+WxNPcTTOgnTJcrhM0xvdPepipPSf3I8EIpGKeFLjt3PlJLIDG3u8EX53ZIubkb+5U2+3rELYpEhHhzdkg==",
					"requires": {
						"hash-base": "^3.0.0",
						"inherits": "^2.0.1",
						"safe-buffer": "^5.1.2"
					}
				},
				"minimalistic-assert": {
					"version": "1.0.1",
					"resolved": "https://registry.npmjs.org/minimalistic-assert/-/minimalistic-assert-1.0.1.tgz",
					"integrity": "sha512-UtJcAD4yEaGtjPezWuO9wC4nwUnVH/8/Im3yEHQP4b67cXlD/Qr9hdITCU1xDbSEXg2XKNaP8jsReV7vQd00/A=="
				},
				"minimalistic-crypto-utils": {
					"version": "1.0.1",
					"resolved": "https://registry.npmjs.org/minimalistic-crypto-utils/-/minimalistic-crypto-utils-1.0.1.tgz",
					"integrity": "sha512-JIYlbt6g8i5jKfJ3xz7rF0LXmv2TkDxBLUkiBeZ7bAx4GnnNMr8xFpGnOxn6GhTEHx3SjRrZEoU+j04prX1ktg=="
				},
				"node-addon-api": {
					"version": "2.0.2",
					"resolved": "https://registry.npmjs.org/node-addon-api/-/node-addon-api-2.0.2.tgz",
					"integrity": "sha512-Ntyt4AIXyaLIuMHF6IOoTakB3K+RWxwtsHNRxllEoA6vPwP9o4866g6YWDLUdnucilZhmkxiHwHr11gAENw+QA=="
				},
				"node-gyp-build": {
					"version": "4.6.0",
					"resolved": "https://registry.npmjs.org/node-gyp-build/-/node-gyp-build-4.6.0.tgz",
					"integrity": "sha512-NTZVKn9IylLwUzaKjkas1e4u2DLNcV4rdYagA4PWdPwW87Bi7z+BznyKSRwS/761tV/lzCGXplWsiaMjLqP2zQ=="
				},
				"pbkdf2": {
					"version": "3.1.2",
					"resolved": "https://registry.npmjs.org/pbkdf2/-/pbkdf2-3.1.2.tgz",
					"integrity": "sha512-iuh7L6jA7JEGu2WxDwtQP1ddOpaJNC4KlDEFfdQajSGgGPNi4OyDc2R7QnbY2bR9QjBVGwgvTdNJZoE7RaxUMA==",
					"requires": {
						"create-hash": "^1.1.2",
						"create-hmac": "^1.1.4",
						"ripemd160": "^2.0.1",
						"safe-buffer": "^5.0.1",
						"sha.js": "^2.4.8"
					}
				},
				"randombytes": {
					"version": "2.1.0",
					"resolved": "https://registry.npmjs.org/randombytes/-/randombytes-2.1.0.tgz",
					"integrity": "sha512-vYl3iOX+4CKUWuxGi9Ukhie6fsqXqS9FE2Zaic4tNFD2N2QQaXOMFbuKK4QmDHC0JO6B1Zp41J0LpT0oR68amQ==",
					"requires": {
						"safe-buffer": "^5.1.0"
					}
				},
				"readable-stream": {
					"version": "3.6.0",
					"resolved": "https://registry.npmjs.org/readable-stream/-/readable-stream-3.6.0.tgz",
					"integrity": "sha512-BViHy7LKeTz4oNnkcLJ+lVSL6vpiFeX6/d3oSH8zCW7UxP2onchk+vTGB143xuFjHS3deTgkKoXXymXqymiIdA==",
					"requires": {
						"inherits": "^2.0.3",
						"string_decoder": "^1.1.1",
						"util-deprecate": "^1.0.1"
					}
				},
				"ripemd160": {
					"version": "2.0.2",
					"resolved": "https://registry.npmjs.org/ripemd160/-/ripemd160-2.0.2.tgz",
					"integrity": "sha512-ii4iagi25WusVoiC4B4lq7pbXfAp3D9v5CwfkY33vffw2+pkDjY1D8GaN7spsxvCSx8dkPqOZCEZyfxcmJG2IA==",
					"requires": {
						"hash-base": "^3.0.0",
						"inherits": "^2.0.1"
					}
				},
				"rlp": {
					"version": "2.2.7",
					"resolved": "https://registry.npmjs.org/rlp/-/rlp-2.2.7.tgz",
					"integrity": "sha512-d5gdPmgQ0Z+AklL2NVXr/IoSjNZFfTVvQWzL/AM2AOcSzYP2xjlb0AC8YyCLc41MSNf6P6QVtjgPdmVtzb+4lQ==",
					"requires": {
						"bn.js": "^5.2.0"
					}
				},
				"safe-buffer": {
					"version": "5.2.1",
					"resolved": "https://registry.npmjs.org/safe-buffer/-/safe-buffer-5.2.1.tgz",
					"integrity": "sha512-rp3So07KcdmmKbGvgaNxQSJr7bGVSVk5S9Eq1F+ppbRo70+YeaDxkw5Dd8NPN+GD6bjnYm2VuPuCXmpuYvmCXQ=="
				},
				"scrypt-js": {
					"version": "3.0.1",
					"resolved": "https://registry.npmjs.org/scrypt-js/-/scrypt-js-3.0.1.tgz",
					"integrity": "sha512-cdwTTnqPu0Hyvf5in5asVdZocVDTNRmR7XEcJuIzMjJeSHybHl7vpB66AzwTaIg6CLSbtjcxc8fqcySfnTkccA=="
				},
				"secp256k1": {
					"version": "4.0.3",
					"resolved": "https://registry.npmjs.org/secp256k1/-/secp256k1-4.0.3.tgz",
					"integrity": "sha512-NLZVf+ROMxwtEj3Xa562qgv2BK5e2WNmXPiOdVIPLgs6lyTzMvBq0aWTYMI5XCP9jZMVKOcqZLw/Wc4vDkuxhA==",
					"requires": {
						"elliptic": "^6.5.4",
						"node-addon-api": "^2.0.0",
						"node-gyp-build": "^4.2.0"
					}
				},
				"setimmediate": {
					"version": "1.0.5",
					"resolved": "https://registry.npmjs.org/setimmediate/-/setimmediate-1.0.5.tgz",
					"integrity": "sha512-MATJdZp8sLqDl/68LfQmbP8zKPLQNV6BIZoIgrscFDQ+RsvK/BxeDQOgyxKKoh0y/8h3BqVFnCqQ/gd+reiIXA=="
				},
				"sha.js": {
					"version": "2.4.11",
					"resolved": "https://registry.npmjs.org/sha.js/-/sha.js-2.4.11.tgz",
					"integrity": "sha512-QMEp5B7cftE7APOjk5Y6xgrbWu+WkLVQwk8JNjZ8nKRciZaByEW6MubieAiToS7+dwvrjGhH8jRXz3MVd0AYqQ==",
					"requires": {
						"inherits": "^2.0.1",
						"safe-buffer": "^5.0.1"
					}
				},
				"string_decoder": {
					"version": "1.3.0",
					"resolved": "https://registry.npmjs.org/string_decoder/-/string_decoder-1.3.0.tgz",
					"integrity": "sha512-hkRX8U1WjJFd8LsDJ2yQ/wWWxaopEsABU1XfkM8A+j0+85JAGppt16cr1Whg6KIbb4okU6Mql6BOj+uup/wKeA==",
					"requires": {
						"safe-buffer": "~5.2.0"
					}
				},
				"util-deprecate": {
					"version": "1.0.2",
					"resolved": "https://registry.npmjs.org/util-deprecate/-/util-deprecate-1.0.2.tgz",
					"integrity": "sha512-EPD5q1uXyFxJpCrLnCc1nHnq3gOa6DZBocAIiI2TaSCA7VCJ1UJDMagCzIkXNsUYfD1daK//LTEQ8xiIbrHtcw=="
				}
			}
		}
	}
}
