{
	"name": "web3-eth",
	"version": "1.3.6-rc.2",
	"lockfileVersion": 1,
	"requires": true,
	"dependencies": {
		"typescript": {
			"version": "3.9.5",
			"resolved": "https://registry.npmjs.org/typescript/-/typescript-3.9.5.tgz",
			"integrity": "sha512-hSAifV3k+i6lEoCJ2k6R2Z/rp/H3+8sdmcn5NrS3/3kE7+RyZXm9aqvxWqjEXHAd8b0pShatpcdMTvEdvAJltQ==",
			"dev": true
		},
		"web3-core": {
			"version": "1.3.5",
			"resolved": "https://registry.npmjs.org/web3-core/-/web3-core-1.3.5.tgz",
			"integrity": "sha512-VQjTvnGTqJwDwjKEHSApea3RmgtFGLDSJ6bqrOyHROYNyTyKYjFQ/drG9zs3rjDkND9mgh8foI1ty37Qua3QCQ==",
			"requires": {
				"@types/bn.js": "^4.11.5",
				"@types/node": "^12.12.6",
				"bignumber.js": "^9.0.0",
				"web3-core-helpers": "1.3.5",
				"web3-core-method": "1.3.5",
				"web3-core-requestmanager": "1.3.5",
				"web3-utils": "1.3.5"
			},
			"dependencies": {
				"@types/bn.js": {
					"version": "4.11.6",
					"resolved": "https://registry.npmjs.org/@types/bn.js/-/bn.js-4.11.6.tgz",
					"integrity": "sha512-pqr857jrp2kPuO9uRjZ3PwnJTjoQy+fcdxvBTvHm6dkmEL9q+hDD/2j/0ELOBPtPnS8LjCX0gI9nbl8lVkadpg==",
					"requires": {
						"@types/node": "*"
					}
				},
				"@types/node": {
					"version": "12.20.12",
					"resolved": "https://registry.npmjs.org/@types/node/-/node-12.20.12.tgz",
					"integrity": "sha512-KQZ1al2hKOONAs2MFv+yTQP1LkDWMrRJ9YCVRalXltOfXsBmH5IownLxQaiq0lnAHwAViLnh2aTYqrPcRGEbgg=="
				},
				"array-filter": {
					"version": "1.0.0",
					"resolved": "https://registry.npmjs.org/array-filter/-/array-filter-1.0.0.tgz",
					"integrity": "sha1-uveeYubvTCpMC4MSMtr/7CUfnYM="
				},
				"available-typed-arrays": {
					"version": "1.0.2",
					"resolved": "https://registry.npmjs.org/available-typed-arrays/-/available-typed-arrays-1.0.2.tgz",
					"integrity": "sha512-XWX3OX8Onv97LMk/ftVyBibpGwY5a8SmuxZPzeOxqmuEqUCOM9ZE+uIaD1VNJ5QnvU2UQusvmKbuM1FR8QWGfQ==",
					"requires": {
						"array-filter": "^1.0.0"
					}
				},
				"bignumber.js": {
					"version": "9.0.1",
					"resolved": "https://registry.npmjs.org/bignumber.js/-/bignumber.js-9.0.1.tgz",
					"integrity": "sha512-IdZR9mh6ahOBv/hYGiXyVuyCetmGJhtYkqLBpTStdhEGjegpPlUawydyaF3pbIOFynJTpllEs+NP+CS9jKFLjA=="
				},
				"bufferutil": {
					"version": "4.0.3",
					"resolved": "https://registry.npmjs.org/bufferutil/-/bufferutil-4.0.3.tgz",
					"integrity": "sha512-yEYTwGndELGvfXsImMBLop58eaGW+YdONi1fNjTINSY98tmMmFijBG6WXgdkfuLNt4imzQNtIE+eBp1PVpMCSw==",
					"requires": {
						"node-gyp-build": "^4.2.0"
					}
				},
				"call-bind": {
					"version": "1.0.2",
					"resolved": "https://registry.npmjs.org/call-bind/-/call-bind-1.0.2.tgz",
					"integrity": "sha512-7O+FbCihrB5WGbFYesctwmTKae6rOiIzmz1icreWJ+0aA7LJfuqhEso2T9ncpcFtzMQtzXf2QGGueWJGTYsqrA==",
					"requires": {
						"function-bind": "^1.1.1",
						"get-intrinsic": "^1.0.2"
					}
				},
				"cookiejar": {
					"version": "2.1.2",
					"resolved": "https://registry.npmjs.org/cookiejar/-/cookiejar-2.1.2.tgz",
					"integrity": "sha512-Mw+adcfzPxcPeI+0WlvRrr/3lGVO0bD75SxX6811cxSh1Wbxx7xZBGK1eVtDf6si8rg2lhnUjsVLMFMfbRIuwA=="
				},
				"d": {
					"version": "1.0.1",
					"resolved": "https://registry.npmjs.org/d/-/d-1.0.1.tgz",
					"integrity": "sha512-m62ShEObQ39CfralilEQRjH6oAMtNCV1xJyEx5LpRYUVN+EviphDgUc/F3hnYbADmkiNs67Y+3ylmlG7Lnu+FA==",
					"requires": {
						"es5-ext": "^0.10.50",
						"type": "^1.0.1"
					}
				},
				"debug": {
					"version": "2.6.9",
					"resolved": "https://registry.npmjs.org/debug/-/debug-2.6.9.tgz",
					"integrity": "sha512-bC7ElrdJaJnPbAP+1EotYvqZsb3ecl5wi6Bfi6BJTUcNowp6cvspg0jXznRTKDjm/E7AdgFBVeAPVMNcKGsHMA==",
					"requires": {
						"ms": "2.0.0"
					}
				},
				"define-properties": {
					"version": "1.1.3",
					"resolved": "https://registry.npmjs.org/define-properties/-/define-properties-1.1.3.tgz",
					"integrity": "sha512-3MqfYKj2lLzdMSf8ZIZE/V+Zuy+BgD6f164e8K2w7dgnpKArBDerGYpM46IYYcjnkdPNMjPk9A6VFB8+3SKlXQ==",
					"requires": {
						"object-keys": "^1.0.12"
					}
				},
				"es-abstract": {
					"version": "1.18.0",
					"resolved": "https://registry.npmjs.org/es-abstract/-/es-abstract-1.18.0.tgz",
					"integrity": "sha512-LJzK7MrQa8TS0ja2w3YNLzUgJCGPdPOV1yVvezjNnS89D+VR08+Szt2mz3YB2Dck/+w5tfIq/RoUAFqJJGM2yw==",
					"requires": {
						"call-bind": "^1.0.2",
						"es-to-primitive": "^1.2.1",
						"function-bind": "^1.1.1",
						"get-intrinsic": "^1.1.1",
						"has": "^1.0.3",
						"has-symbols": "^1.0.2",
						"is-callable": "^1.2.3",
						"is-negative-zero": "^2.0.1",
						"is-regex": "^1.1.2",
						"is-string": "^1.0.5",
						"object-inspect": "^1.9.0",
						"object-keys": "^1.1.1",
						"object.assign": "^4.1.2",
						"string.prototype.trimend": "^1.0.4",
						"string.prototype.trimstart": "^1.0.4",
						"unbox-primitive": "^1.0.0"
					}
				},
				"es-to-primitive": {
					"version": "1.2.1",
					"resolved": "https://registry.npmjs.org/es-to-primitive/-/es-to-primitive-1.2.1.tgz",
					"integrity": "sha512-QCOllgZJtaUo9miYBcLChTUaHNjJF3PYs1VidD7AwiEj1kYxKeQTctLAezAOH5ZKRH0g2IgPn6KwB4IT8iRpvA==",
					"requires": {
						"is-callable": "^1.1.4",
						"is-date-object": "^1.0.1",
						"is-symbol": "^1.0.2"
					}
				},
				"es5-ext": {
					"version": "0.10.53",
					"resolved": "https://registry.npmjs.org/es5-ext/-/es5-ext-0.10.53.tgz",
					"integrity": "sha512-Xs2Stw6NiNHWypzRTY1MtaG/uJlwCk8kH81920ma8mvN8Xq1gsfhZvpkImLQArw8AHnv8MT2I45J3c0R8slE+Q==",
					"requires": {
						"es6-iterator": "~2.0.3",
						"es6-symbol": "~3.1.3",
						"next-tick": "~1.0.0"
					}
				},
				"es6-iterator": {
					"version": "2.0.3",
					"resolved": "https://registry.npmjs.org/es6-iterator/-/es6-iterator-2.0.3.tgz",
					"integrity": "sha1-p96IkUGgWpSwhUQDstCg+/qY87c=",
					"requires": {
						"d": "1",
						"es5-ext": "^0.10.35",
						"es6-symbol": "^3.1.1"
					}
				},
				"es6-symbol": {
					"version": "3.1.3",
					"resolved": "https://registry.npmjs.org/es6-symbol/-/es6-symbol-3.1.3.tgz",
					"integrity": "sha512-NJ6Yn3FuDinBaBRWl/q5X/s4koRHBrgKAu+yGI6JCBeiu3qrcbJhwT2GeR/EXVfylRk8dpQVJoLEFhK+Mu31NA==",
					"requires": {
						"d": "^1.0.1",
						"ext": "^1.1.2"
					}
				},
				"eventemitter3": {
					"version": "4.0.4",
					"resolved": "https://registry.npmjs.org/eventemitter3/-/eventemitter3-4.0.4.tgz",
					"integrity": "sha512-rlaVLnVxtxvoyLsQQFBx53YmXHDxRIzzTLbdfxqi4yocpSjAxXwkU0cScM5JgSKMqEhrZpnvQ2D9gjylR0AimQ=="
				},
				"ext": {
					"version": "1.4.0",
					"resolved": "https://registry.npmjs.org/ext/-/ext-1.4.0.tgz",
					"integrity": "sha512-Key5NIsUxdqKg3vIsdw9dSuXpPCQ297y6wBjL30edxwPgt2E44WcWBZey/ZvUc6sERLTxKdyCu4gZFmUbk1Q7A==",
					"requires": {
						"type": "^2.0.0"
					},
					"dependencies": {
						"type": {
							"version": "2.5.0",
							"resolved": "https://registry.npmjs.org/type/-/type-2.5.0.tgz",
							"integrity": "sha512-180WMDQaIMm3+7hGXWf12GtdniDEy7nYcyFMKJn/eZz/6tSLXrUN9V0wKSbMjej0I1WHWbpREDEKHtqPQa9NNw=="
						}
					}
				},
				"foreach": {
					"version": "2.0.5",
					"resolved": "https://registry.npmjs.org/foreach/-/foreach-2.0.5.tgz",
					"integrity": "sha1-C+4AUBiusmDQo6865ljdATbsG5k="
				},
				"function-bind": {
					"version": "1.1.1",
					"resolved": "https://registry.npmjs.org/function-bind/-/function-bind-1.1.1.tgz",
					"integrity": "sha512-yIovAzMX49sF8Yl58fSCWJ5svSLuaibPxXQJFLmBObTuCr0Mf1KiPopGM9NiFjiYBCbfaa2Fh6breQ6ANVTI0A=="
				},
				"get-intrinsic": {
					"version": "1.1.1",
					"resolved": "https://registry.npmjs.org/get-intrinsic/-/get-intrinsic-1.1.1.tgz",
					"integrity": "sha512-kWZrnVM42QCiEA2Ig1bG8zjoIMOgxWwYCEeNdwY6Tv/cOSeGpcoX4pXHfKUxNKVoArnrEr2e9srnAxxGIraS9Q==",
					"requires": {
						"function-bind": "^1.1.1",
						"has": "^1.0.3",
						"has-symbols": "^1.0.1"
					}
				},
				"has": {
					"version": "1.0.3",
					"resolved": "https://registry.npmjs.org/has/-/has-1.0.3.tgz",
					"integrity": "sha512-f2dvO0VU6Oej7RkWJGrehjbzMAjFp5/VKPp5tTpWIV4JHHZK1/BxbFRtf/siA2SWTe09caDmVtYYzWEIbBS4zw==",
					"requires": {
						"function-bind": "^1.1.1"
					}
				},
				"has-bigints": {
					"version": "1.0.1",
					"resolved": "https://registry.npmjs.org/has-bigints/-/has-bigints-1.0.1.tgz",
					"integrity": "sha512-LSBS2LjbNBTf6287JEbEzvJgftkF5qFkmCo9hDRpAzKhUOlJ+hx8dd4USs00SgsUNwc4617J9ki5YtEClM2ffA=="
				},
				"has-symbols": {
					"version": "1.0.2",
					"resolved": "https://registry.npmjs.org/has-symbols/-/has-symbols-1.0.2.tgz",
					"integrity": "sha512-chXa79rL/UC2KlX17jo3vRGz0azaWEx5tGqZg5pO3NUyEJVB17dMruQlzCCOfUvElghKcm5194+BCRvi2Rv/Gw=="
				},
				"http-https": {
					"version": "1.0.0",
					"resolved": "https://registry.npmjs.org/http-https/-/http-https-1.0.0.tgz",
					"integrity": "sha1-L5CN1fHbQGjAWM1ubUzjkskTOJs="
				},
				"inherits": {
					"version": "2.0.4",
					"resolved": "https://registry.npmjs.org/inherits/-/inherits-2.0.4.tgz",
					"integrity": "sha512-k/vGaX4/Yla3WzyMCvTQOXYeIHvqOKtnqBduzTHpzpQZzAskKMhZ2K+EnBiSM9zGSoIFeMpXKxa4dYeZIQqewQ=="
				},
				"is-arguments": {
					"version": "1.1.0",
					"resolved": "https://registry.npmjs.org/is-arguments/-/is-arguments-1.1.0.tgz",
					"integrity": "sha512-1Ij4lOMPl/xB5kBDn7I+b2ttPMKa8szhEIrXDuXQD/oe3HJLTLhqhgGspwgyGd6MOywBUqVvYicF72lkgDnIHg==",
					"requires": {
						"call-bind": "^1.0.0"
					}
				},
				"is-bigint": {
					"version": "1.0.2",
					"resolved": "https://registry.npmjs.org/is-bigint/-/is-bigint-1.0.2.tgz",
					"integrity": "sha512-0JV5+SOCQkIdzjBK9buARcV804Ddu7A0Qet6sHi3FimE9ne6m4BGQZfRn+NZiXbBk4F4XmHfDZIipLj9pX8dSA=="
				},
				"is-boolean-object": {
					"version": "1.1.1",
					"resolved": "https://registry.npmjs.org/is-boolean-object/-/is-boolean-object-1.1.1.tgz",
					"integrity": "sha512-bXdQWkECBUIAcCkeH1unwJLIpZYaa5VvuygSyS/c2lf719mTKZDU5UdDRlpd01UjADgmW8RfqaP+mRaVPdr/Ng==",
					"requires": {
						"call-bind": "^1.0.2"
					}
				},
				"is-callable": {
					"version": "1.2.3",
					"resolved": "https://registry.npmjs.org/is-callable/-/is-callable-1.2.3.tgz",
					"integrity": "sha512-J1DcMe8UYTBSrKezuIUTUwjXsho29693unXM2YhJUTR2txK/eG47bvNa/wipPFmZFgr/N6f1GA66dv0mEyTIyQ=="
				},
				"is-date-object": {
					"version": "1.0.4",
					"resolved": "https://registry.npmjs.org/is-date-object/-/is-date-object-1.0.4.tgz",
					"integrity": "sha512-/b4ZVsG7Z5XVtIxs/h9W8nvfLgSAyKYdtGWQLbqy6jA1icmgjf8WCoTKgeS4wy5tYaPePouzFMANbnj94c2Z+A=="
				},
				"is-generator-function": {
					"version": "1.0.9",
					"resolved": "https://registry.npmjs.org/is-generator-function/-/is-generator-function-1.0.9.tgz",
					"integrity": "sha512-ZJ34p1uvIfptHCN7sFTjGibB9/oBg17sHqzDLfuwhvmN/qLVvIQXRQ8licZQ35WJ8KuEQt/etnnzQFI9C9Ue/A=="
				},
				"is-negative-zero": {
					"version": "2.0.1",
					"resolved": "https://registry.npmjs.org/is-negative-zero/-/is-negative-zero-2.0.1.tgz",
					"integrity": "sha512-2z6JzQvZRa9A2Y7xC6dQQm4FSTSTNWjKIYYTt4246eMTJmIo0Q+ZyOsU66X8lxK1AbB92dFeglPLrhwpeRKO6w=="
				},
				"is-number-object": {
					"version": "1.0.5",
					"resolved": "https://registry.npmjs.org/is-number-object/-/is-number-object-1.0.5.tgz",
					"integrity": "sha512-RU0lI/n95pMoUKu9v1BZP5MBcZuNSVJkMkAG2dJqC4z2GlkGUNeH68SuHuBKBD/XFe+LHZ+f9BKkLET60Niedw=="
				},
				"is-regex": {
					"version": "1.1.3",
					"resolved": "https://registry.npmjs.org/is-regex/-/is-regex-1.1.3.tgz",
					"integrity": "sha512-qSVXFz28HM7y+IWX6vLCsexdlvzT1PJNFSBuaQLQ5o0IEw8UDYW6/2+eCMVyIsbM8CNLX2a/QWmSpyxYEHY7CQ==",
					"requires": {
						"call-bind": "^1.0.2",
						"has-symbols": "^1.0.2"
					}
				},
				"is-string": {
					"version": "1.0.6",
					"resolved": "https://registry.npmjs.org/is-string/-/is-string-1.0.6.tgz",
					"integrity": "sha512-2gdzbKUuqtQ3lYNrUTQYoClPhm7oQu4UdpSZMp1/DGgkHBT8E2Z1l0yMdb6D4zNAxwDiMv8MdulKROJGNl0Q0w=="
				},
				"is-symbol": {
					"version": "1.0.4",
					"resolved": "https://registry.npmjs.org/is-symbol/-/is-symbol-1.0.4.tgz",
					"integrity": "sha512-C/CPBqKWnvdcxqIARxyOh4v1UUEOCHpgDa0WYgpKDFMszcrPcffg5uhwSgPCLD2WWxmq6isisz87tzT01tuGhg==",
					"requires": {
						"has-symbols": "^1.0.2"
					}
				},
				"is-typed-array": {
					"version": "1.1.5",
					"resolved": "https://registry.npmjs.org/is-typed-array/-/is-typed-array-1.1.5.tgz",
					"integrity": "sha512-S+GRDgJlR3PyEbsX/Fobd9cqpZBuvUS+8asRqYDMLCb2qMzt1oz5m5oxQCxOgUDxiWsOVNi4yaF+/uvdlHlYug==",
					"requires": {
						"available-typed-arrays": "^1.0.2",
						"call-bind": "^1.0.2",
						"es-abstract": "^1.18.0-next.2",
						"foreach": "^2.0.5",
						"has-symbols": "^1.0.1"
					}
				},
				"is-typedarray": {
					"version": "1.0.0",
					"resolved": "https://registry.npmjs.org/is-typedarray/-/is-typedarray-1.0.0.tgz",
					"integrity": "sha1-5HnICFjfDBsR3dppQPlgEfzaSpo="
				},
				"ms": {
					"version": "2.0.0",
					"resolved": "https://registry.npmjs.org/ms/-/ms-2.0.0.tgz",
					"integrity": "sha1-VgiurfwAvmwpAd9fmGF4jeDVl8g="
				},
				"next-tick": {
					"version": "1.0.0",
					"resolved": "https://registry.npmjs.org/next-tick/-/next-tick-1.0.0.tgz",
					"integrity": "sha1-yobR/ogoFpsBICCOPchCS524NCw="
				},
				"node-gyp-build": {
					"version": "4.2.3",
					"resolved": "https://registry.npmjs.org/node-gyp-build/-/node-gyp-build-4.2.3.tgz",
					"integrity": "sha512-MN6ZpzmfNCRM+3t57PTJHgHyw/h4OWnZ6mR8P5j/uZtqQr46RRuDE/P+g3n0YR/AiYXeWixZZzaip77gdICfRg=="
				},
				"object-inspect": {
					"version": "1.10.3",
					"resolved": "https://registry.npmjs.org/object-inspect/-/object-inspect-1.10.3.tgz",
					"integrity": "sha512-e5mCJlSH7poANfC8z8S9s9S2IN5/4Zb3aZ33f5s8YqoazCFzNLloLU8r5VCG+G7WoqLvAAZoVMcy3tp/3X0Plw=="
				},
				"object-keys": {
					"version": "1.1.1",
					"resolved": "https://registry.npmjs.org/object-keys/-/object-keys-1.1.1.tgz",
					"integrity": "sha512-NuAESUOUMrlIXOfHKzD6bpPu3tYt3xvjNdRIQ+FeT0lNb4K8WR70CaDxhuNguS2XG+GjkyMwOzsN5ZktImfhLA=="
				},
				"object.assign": {
					"version": "4.1.2",
					"resolved": "https://registry.npmjs.org/object.assign/-/object.assign-4.1.2.tgz",
					"integrity": "sha512-ixT2L5THXsApyiUPYKmW+2EHpXXe5Ii3M+f4e+aJFAHao5amFRW6J0OO6c/LU8Be47utCx2GL89hxGB6XSmKuQ==",
					"requires": {
						"call-bind": "^1.0.0",
						"define-properties": "^1.1.3",
						"has-symbols": "^1.0.1",
						"object-keys": "^1.1.1"
					}
				},
				"oboe": {
					"version": "2.1.5",
					"resolved": "https://registry.npmjs.org/oboe/-/oboe-2.1.5.tgz",
					"integrity": "sha1-VVQoTFQ6ImbXo48X4HOCH73jk80=",
					"requires": {
						"http-https": "^1.0.0"
					}
				},
				"safe-buffer": {
					"version": "5.2.1",
					"resolved": "https://registry.npmjs.org/safe-buffer/-/safe-buffer-5.2.1.tgz",
					"integrity": "sha512-rp3So07KcdmmKbGvgaNxQSJr7bGVSVk5S9Eq1F+ppbRo70+YeaDxkw5Dd8NPN+GD6bjnYm2VuPuCXmpuYvmCXQ=="
				},
				"string.prototype.trimend": {
					"version": "1.0.4",
					"resolved": "https://registry.npmjs.org/string.prototype.trimend/-/string.prototype.trimend-1.0.4.tgz",
					"integrity": "sha512-y9xCjw1P23Awk8EvTpcyL2NIr1j7wJ39f+k6lvRnSMz+mz9CGz9NYPelDk42kOz6+ql8xjfK8oYzy3jAP5QU5A==",
					"requires": {
						"call-bind": "^1.0.2",
						"define-properties": "^1.1.3"
					}
				},
				"string.prototype.trimstart": {
					"version": "1.0.4",
					"resolved": "https://registry.npmjs.org/string.prototype.trimstart/-/string.prototype.trimstart-1.0.4.tgz",
					"integrity": "sha512-jh6e984OBfvxS50tdY2nRZnoC5/mLFKOREQfw8t5yytkoUsJRNxvI/E39qu1sD0OtWI3OC0XgKSmcWwziwYuZw==",
					"requires": {
						"call-bind": "^1.0.2",
						"define-properties": "^1.1.3"
					}
				},
				"type": {
					"version": "1.2.0",
					"resolved": "https://registry.npmjs.org/type/-/type-1.2.0.tgz",
					"integrity": "sha512-+5nt5AAniqsCnu2cEQQdpzCAh33kVx8n0VoFidKpB1dVVLAN/F+bgVOqOJqOnEnrhp222clB5p3vUlD+1QAnfg=="
				},
				"typedarray-to-buffer": {
					"version": "3.1.5",
					"resolved": "https://registry.npmjs.org/typedarray-to-buffer/-/typedarray-to-buffer-3.1.5.tgz",
					"integrity": "sha512-zdu8XMNEDepKKR+XYOXAVPtWui0ly0NtohUscw+UmaHiAWT8hrV1rr//H6V+0DvJ3OQ19S979M0laLfX8rm82Q==",
					"requires": {
						"is-typedarray": "^1.0.0"
					}
				},
				"unbox-primitive": {
					"version": "1.0.1",
					"resolved": "https://registry.npmjs.org/unbox-primitive/-/unbox-primitive-1.0.1.tgz",
					"integrity": "sha512-tZU/3NqK3dA5gpE1KtyiJUrEB0lxnGkMFHptJ7q6ewdZ8s12QrODwNbhIJStmJkd1QDXa1NRA8aF2A1zk/Ypyw==",
					"requires": {
						"function-bind": "^1.1.1",
						"has-bigints": "^1.0.1",
						"has-symbols": "^1.0.2",
						"which-boxed-primitive": "^1.0.2"
					}
				},
				"underscore": {
					"version": "1.9.1",
					"resolved": "https://registry.npmjs.org/underscore/-/underscore-1.9.1.tgz",
					"integrity": "sha512-5/4etnCkd9c8gwgowi5/om/mYO5ajCaOgdzj/oW+0eQV9WxKBDZw5+ycmKmeaTXjInS/W0BzpGLo2xR2aBwZdg=="
				},
				"utf-8-validate": {
					"version": "5.0.5",
					"resolved": "https://registry.npmjs.org/utf-8-validate/-/utf-8-validate-5.0.5.tgz",
					"integrity": "sha512-+pnxRYsS/axEpkrrEpzYfNZGXp0IjC/9RIxwM5gntY4Koi8SHmUGSfxfWqxZdRxrtaoVstuOzUp/rbs3JSPELQ==",
					"requires": {
						"node-gyp-build": "^4.2.0"
					}
				},
				"util": {
					"version": "0.12.3",
					"resolved": "https://registry.npmjs.org/util/-/util-0.12.3.tgz",
					"integrity": "sha512-I8XkoQwE+fPQEhy9v012V+TSdH2kp9ts29i20TaaDUXsg7x/onePbhFJUExBfv/2ay1ZOp/Vsm3nDlmnFGSAog==",
					"requires": {
						"inherits": "^2.0.3",
						"is-arguments": "^1.0.4",
						"is-generator-function": "^1.0.7",
						"is-typed-array": "^1.1.3",
						"safe-buffer": "^5.1.2",
						"which-typed-array": "^1.1.2"
					}
				},
				"web3-core-requestmanager": {
					"version": "1.3.5",
					"resolved": "https://registry.npmjs.org/web3-core-requestmanager/-/web3-core-requestmanager-1.3.5.tgz",
					"integrity": "sha512-9l294U3Ga8qmvv8E37BqjQREfMs+kFnkU3PY28g9DZGYzKvl3V1dgDYqxyrOBdCFhc7rNSpHdgC4PrVHjouspg==",
					"requires": {
						"underscore": "1.9.1",
						"util": "^0.12.0",
						"web3-core-helpers": "1.3.5",
						"web3-providers-http": "1.3.5",
						"web3-providers-ipc": "1.3.5",
						"web3-providers-ws": "1.3.5"
					}
				},
				"web3-providers-http": {
					"version": "1.3.5",
					"resolved": "https://registry.npmjs.org/web3-providers-http/-/web3-providers-http-1.3.5.tgz",
					"integrity": "sha512-ZQOmceFjcajEZdiuqciXjijwIYWNmEJ1oxMtbrwB2eGxHRCMXEH2xGRUZuhOFNF88yQC/VXVi14yvYg5ZlFJlA==",
					"requires": {
						"web3-core-helpers": "1.3.5",
						"xhr2-cookies": "1.1.0"
					}
				},
				"web3-providers-ipc": {
					"version": "1.3.5",
					"resolved": "https://registry.npmjs.org/web3-providers-ipc/-/web3-providers-ipc-1.3.5.tgz",
					"integrity": "sha512-cbZOeb/sALiHjzMolJjIyHla/J5wdL2JKUtRO66Nh/uLALBCpU8JUgzNvpAdJ1ae3+A33+EdFStdzuDYHKtQew==",
					"requires": {
						"oboe": "2.1.5",
						"underscore": "1.9.1",
						"web3-core-helpers": "1.3.5"
					}
				},
				"web3-providers-ws": {
					"version": "1.3.5",
					"resolved": "https://registry.npmjs.org/web3-providers-ws/-/web3-providers-ws-1.3.5.tgz",
					"integrity": "sha512-zeZ4LMvKhYaJBDCqA//Bzgp4r/T0tNq5U/xvN0axA4YflzF7yqlsbzGwCkcZYDbrUaK3Ltl2uOmvwjbWALOZ1A==",
					"requires": {
						"eventemitter3": "4.0.4",
						"underscore": "1.9.1",
						"web3-core-helpers": "1.3.5",
						"websocket": "^1.0.32"
					}
				},
				"websocket": {
					"version": "1.0.34",
					"resolved": "https://registry.npmjs.org/websocket/-/websocket-1.0.34.tgz",
					"integrity": "sha512-PRDso2sGwF6kM75QykIesBijKSVceR6jL2G8NGYyq2XrItNC2P5/qL5XeR056GhA+Ly7JMFvJb9I312mJfmqnQ==",
					"requires": {
						"bufferutil": "^4.0.1",
						"debug": "^2.2.0",
						"es5-ext": "^0.10.50",
						"typedarray-to-buffer": "^3.1.5",
						"utf-8-validate": "^5.0.2",
						"yaeti": "^0.0.6"
					}
				},
				"which-boxed-primitive": {
					"version": "1.0.2",
					"resolved": "https://registry.npmjs.org/which-boxed-primitive/-/which-boxed-primitive-1.0.2.tgz",
					"integrity": "sha512-bwZdv0AKLpplFY2KZRX6TvyuN7ojjr7lwkg6ml0roIy9YeuSr7JS372qlNW18UQYzgYK9ziGcerWqZOmEn9VNg==",
					"requires": {
						"is-bigint": "^1.0.1",
						"is-boolean-object": "^1.1.0",
						"is-number-object": "^1.0.4",
						"is-string": "^1.0.5",
						"is-symbol": "^1.0.3"
					}
				},
				"which-typed-array": {
					"version": "1.1.4",
					"resolved": "https://registry.npmjs.org/which-typed-array/-/which-typed-array-1.1.4.tgz",
					"integrity": "sha512-49E0SpUe90cjpoc7BOJwyPHRqSAd12c10Qm2amdEZrJPCY2NDxaW01zHITrem+rnETY3dwrbH3UUrUwagfCYDA==",
					"requires": {
						"available-typed-arrays": "^1.0.2",
						"call-bind": "^1.0.0",
						"es-abstract": "^1.18.0-next.1",
						"foreach": "^2.0.5",
						"function-bind": "^1.1.1",
						"has-symbols": "^1.0.1",
						"is-typed-array": "^1.1.3"
					}
				},
				"xhr2-cookies": {
					"version": "1.1.0",
					"resolved": "https://registry.npmjs.org/xhr2-cookies/-/xhr2-cookies-1.1.0.tgz",
					"integrity": "sha1-fXdEnQmZGX8VXLc7I99yUF7YnUg=",
					"requires": {
						"cookiejar": "^2.1.1"
					}
				},
				"yaeti": {
					"version": "0.0.6",
					"resolved": "https://registry.npmjs.org/yaeti/-/yaeti-0.0.6.tgz",
					"integrity": "sha1-8m9ITXJoTPQr7ft2lwqhYI+/lXc="
				}
			}
		},
		"web3-core-helpers": {
			"version": "1.3.5",
			"resolved": "https://registry.npmjs.org/web3-core-helpers/-/web3-core-helpers-1.3.5.tgz",
			"integrity": "sha512-HYh3ix5FjysgT0jyzD8s/X5ym0b4BGU7I2QtuBiydMnE0mQEWy7GcT9XKpTySA8FTOHHIAQYvQS07DN/ky3UzA==",
			"requires": {
				"underscore": "1.9.1",
				"web3-eth-iban": "1.3.5",
				"web3-utils": "1.3.5"
			},
			"dependencies": {
				"bn.js": {
					"version": "4.12.0",
					"resolved": "https://registry.npmjs.org/bn.js/-/bn.js-4.12.0.tgz",
					"integrity": "sha512-c98Bf3tPniI+scsdk237ku1Dc3ujXQTSgyiPUDEOe7tRkhrqridvh8klBv0HCEso1OLOYcHuCv/cS6DNxKH+ZA=="
				},
				"underscore": {
					"version": "1.9.1",
					"resolved": "https://registry.npmjs.org/underscore/-/underscore-1.9.1.tgz",
					"integrity": "sha512-5/4etnCkd9c8gwgowi5/om/mYO5ajCaOgdzj/oW+0eQV9WxKBDZw5+ycmKmeaTXjInS/W0BzpGLo2xR2aBwZdg=="
				},
				"web3-eth-iban": {
					"version": "1.3.5",
					"resolved": "https://registry.npmjs.org/web3-eth-iban/-/web3-eth-iban-1.3.5.tgz",
					"integrity": "sha512-x+BI/d2Vt0J1cKK8eFd4W0f1TDjgEOYCwiViTb28lLE+tqrgyPqWDA+l6UlKYLF/yMFX3Dym4ofcCOtgcn4q4g==",
					"requires": {
						"bn.js": "^4.11.9",
						"web3-utils": "1.3.5"
					}
				}
			}
		},
		"web3-core-method": {
			"version": "1.3.5",
			"resolved": "https://registry.npmjs.org/web3-core-method/-/web3-core-method-1.3.5.tgz",
			"integrity": "sha512-hCbmgQ+At6OTuaNGAdjXMsCr4eUCmp9yGKSuaB5HdkNVDpqFso4HHjVxcjNrTyJp3OZnyjKBzQzK1ZWLpLl84Q==",
			"requires": {
				"@ethersproject/transactions": "^5.0.0-beta.135",
				"underscore": "1.9.1",
				"web3-core-helpers": "1.3.5",
				"web3-core-promievent": "1.3.5",
				"web3-core-subscriptions": "1.3.5",
				"web3-utils": "1.3.5"
			},
			"dependencies": {
				"@ethersproject/address": {
					"version": "5.1.0",
					"resolved": "https://registry.npmjs.org/@ethersproject/address/-/address-5.1.0.tgz",
					"integrity": "sha512-rfWQR12eHn2cpstCFS4RF7oGjfbkZb0oqep+BfrT+gWEGWG2IowJvIsacPOvzyS1jhNF4MQ4BS59B04Mbovteg==",
					"requires": {
						"@ethersproject/bignumber": "^5.1.0",
						"@ethersproject/bytes": "^5.1.0",
						"@ethersproject/keccak256": "^5.1.0",
						"@ethersproject/logger": "^5.1.0",
						"@ethersproject/rlp": "^5.1.0"
					}
				},
				"@ethersproject/bignumber": {
					"version": "5.1.1",
					"resolved": "https://registry.npmjs.org/@ethersproject/bignumber/-/bignumber-5.1.1.tgz",
					"integrity": "sha512-AVz5iqz7+70RIqoQTznsdJ6DOVBYciNlvO+AlQmPTB6ofCvoihI9bQdr6wljsX+d5W7Yc4nyvQvP4JMzg0Agig==",
					"requires": {
						"@ethersproject/bytes": "^5.1.0",
						"@ethersproject/logger": "^5.1.0",
						"bn.js": "^4.4.0"
					}
				},
				"@ethersproject/bytes": {
					"version": "5.1.0",
					"resolved": "https://registry.npmjs.org/@ethersproject/bytes/-/bytes-5.1.0.tgz",
					"integrity": "sha512-sGTxb+LVjFxJcJeUswAIK6ncgOrh3D8c192iEJd7mLr95V6du119rRfYT/b87WPkZ5I3gRBUYIYXtdgCWACe8g==",
					"requires": {
						"@ethersproject/logger": "^5.1.0"
					}
				},
				"@ethersproject/constants": {
					"version": "5.1.0",
					"resolved": "https://registry.npmjs.org/@ethersproject/constants/-/constants-5.1.0.tgz",
					"integrity": "sha512-0/SuHrxc8R8k+JiLmJymxHJbojUDWBQqO+b+XFdwaP0jGzqC09YDy/CAlSZB6qHsBifY8X3I89HcK/oMqxRdBw==",
					"requires": {
						"@ethersproject/bignumber": "^5.1.0"
					}
				},
				"@ethersproject/keccak256": {
					"version": "5.1.0",
					"resolved": "https://registry.npmjs.org/@ethersproject/keccak256/-/keccak256-5.1.0.tgz",
					"integrity": "sha512-vrTB1W6AEYoadww5c9UyVJ2YcSiyIUTNDRccZIgwTmFFoSHwBtcvG1hqy9RzJ1T0bMdATbM9Hfx2mJ6H0i7Hig==",
					"requires": {
						"@ethersproject/bytes": "^5.1.0",
						"js-sha3": "0.5.7"
					}
				},
				"@ethersproject/logger": {
					"version": "5.1.0",
					"resolved": "https://registry.npmjs.org/@ethersproject/logger/-/logger-5.1.0.tgz",
					"integrity": "sha512-wtUaD1lBX10HBXjjKV9VHCBnTdUaKQnQ2XSET1ezglqLdPdllNOIlLfhyCRqXm5xwcjExVI5ETokOYfjPtaAlw=="
				},
				"@ethersproject/properties": {
					"version": "5.1.0",
					"resolved": "https://registry.npmjs.org/@ethersproject/properties/-/properties-5.1.0.tgz",
					"integrity": "sha512-519KKTwgmH42AQL3+GFV3SX6khYEfHsvI6v8HYejlkigSDuqttdgVygFTDsGlofNFchhDwuclrxQnD5B0YLNMg==",
					"requires": {
						"@ethersproject/logger": "^5.1.0"
					}
				},
				"@ethersproject/rlp": {
					"version": "5.1.0",
					"resolved": "https://registry.npmjs.org/@ethersproject/rlp/-/rlp-5.1.0.tgz",
					"integrity": "sha512-vDTyHIwNPrecy55gKGZ47eJZhBm8LLBxihzi5ou+zrSvYTpkSTWRcKUlXFDFQVwfWB+P5PGyERAdiDEI76clxw==",
					"requires": {
						"@ethersproject/bytes": "^5.1.0",
						"@ethersproject/logger": "^5.1.0"
					}
				},
				"@ethersproject/signing-key": {
					"version": "5.1.0",
					"resolved": "https://registry.npmjs.org/@ethersproject/signing-key/-/signing-key-5.1.0.tgz",
					"integrity": "sha512-tE5LFlbmdObG8bY04NpuwPWSRPgEswfxweAI1sH7TbP0ml1elNfqcq7ii/3AvIN05i5U0Pkm3Tf8bramt8MmLw==",
					"requires": {
						"@ethersproject/bytes": "^5.1.0",
						"@ethersproject/logger": "^5.1.0",
						"@ethersproject/properties": "^5.1.0",
						"bn.js": "^4.4.0",
						"elliptic": "6.5.4"
					}
				},
				"@ethersproject/transactions": {
					"version": "5.1.1",
					"resolved": "https://registry.npmjs.org/@ethersproject/transactions/-/transactions-5.1.1.tgz",
					"integrity": "sha512-Nwgbp09ttIVN0OoUBatCXaHxR7grWPHbozJN8v7AXDLrl6nnOIBEMDh+yJTnosSQlFhcyjfTGGN+Mx6R8HdvMw==",
					"requires": {
						"@ethersproject/address": "^5.1.0",
						"@ethersproject/bignumber": "^5.1.0",
						"@ethersproject/bytes": "^5.1.0",
						"@ethersproject/constants": "^5.1.0",
						"@ethersproject/keccak256": "^5.1.0",
						"@ethersproject/logger": "^5.1.0",
						"@ethersproject/properties": "^5.1.0",
						"@ethersproject/rlp": "^5.1.0",
						"@ethersproject/signing-key": "^5.1.0"
					}
				},
				"bn.js": {
					"version": "4.12.0",
					"resolved": "https://registry.npmjs.org/bn.js/-/bn.js-4.12.0.tgz",
					"integrity": "sha512-c98Bf3tPniI+scsdk237ku1Dc3ujXQTSgyiPUDEOe7tRkhrqridvh8klBv0HCEso1OLOYcHuCv/cS6DNxKH+ZA=="
				},
				"brorand": {
					"version": "1.1.0",
					"resolved": "https://registry.npmjs.org/brorand/-/brorand-1.1.0.tgz",
					"integrity": "sha1-EsJe/kCkXjwyPrhnWgoM5XsiNx8="
				},
				"elliptic": {
					"version": "6.5.4",
					"resolved": "https://registry.npmjs.org/elliptic/-/elliptic-6.5.4.tgz",
					"integrity": "sha512-iLhC6ULemrljPZb+QutR5TQGB+pdW6KGD5RSegS+8sorOZT+rdQFbsQFJgvN3eRqNALqJer4oQ16YvJHlU8hzQ==",
					"requires": {
						"bn.js": "^4.11.9",
						"brorand": "^1.1.0",
						"hash.js": "^1.0.0",
						"hmac-drbg": "^1.0.1",
						"inherits": "^2.0.4",
						"minimalistic-assert": "^1.0.1",
						"minimalistic-crypto-utils": "^1.0.1"
					}
				},
				"eventemitter3": {
					"version": "4.0.4",
					"resolved": "https://registry.npmjs.org/eventemitter3/-/eventemitter3-4.0.4.tgz",
					"integrity": "sha512-rlaVLnVxtxvoyLsQQFBx53YmXHDxRIzzTLbdfxqi4yocpSjAxXwkU0cScM5JgSKMqEhrZpnvQ2D9gjylR0AimQ=="
				},
				"hash.js": {
					"version": "1.1.7",
					"resolved": "https://registry.npmjs.org/hash.js/-/hash.js-1.1.7.tgz",
					"integrity": "sha512-taOaskGt4z4SOANNseOviYDvjEJinIkRgmp7LbKP2YTTmVxWBl87s/uzK9r+44BclBSp2X7K1hqeNfz9JbBeXA==",
					"requires": {
						"inherits": "^2.0.3",
						"minimalistic-assert": "^1.0.1"
					}
				},
				"hmac-drbg": {
					"version": "1.0.1",
					"resolved": "https://registry.npmjs.org/hmac-drbg/-/hmac-drbg-1.0.1.tgz",
					"integrity": "sha1-0nRXAQJabHdabFRXk+1QL8DGSaE=",
					"requires": {
						"hash.js": "^1.0.3",
						"minimalistic-assert": "^1.0.0",
						"minimalistic-crypto-utils": "^1.0.1"
					}
				},
				"inherits": {
					"version": "2.0.4",
					"resolved": "https://registry.npmjs.org/inherits/-/inherits-2.0.4.tgz",
					"integrity": "sha512-k/vGaX4/Yla3WzyMCvTQOXYeIHvqOKtnqBduzTHpzpQZzAskKMhZ2K+EnBiSM9zGSoIFeMpXKxa4dYeZIQqewQ=="
				},
				"js-sha3": {
					"version": "0.5.7",
					"resolved": "https://registry.npmjs.org/js-sha3/-/js-sha3-0.5.7.tgz",
					"integrity": "sha1-DU/9gALVMzqrr0oj7tL2N0yfKOc="
				},
				"minimalistic-assert": {
					"version": "1.0.1",
					"resolved": "https://registry.npmjs.org/minimalistic-assert/-/minimalistic-assert-1.0.1.tgz",
					"integrity": "sha512-UtJcAD4yEaGtjPezWuO9wC4nwUnVH/8/Im3yEHQP4b67cXlD/Qr9hdITCU1xDbSEXg2XKNaP8jsReV7vQd00/A=="
				},
				"minimalistic-crypto-utils": {
					"version": "1.0.1",
					"resolved": "https://registry.npmjs.org/minimalistic-crypto-utils/-/minimalistic-crypto-utils-1.0.1.tgz",
					"integrity": "sha1-9sAMHAsIIkblxNmd+4x8CDsrWCo="
				},
				"underscore": {
					"version": "1.9.1",
					"resolved": "https://registry.npmjs.org/underscore/-/underscore-1.9.1.tgz",
					"integrity": "sha512-5/4etnCkd9c8gwgowi5/om/mYO5ajCaOgdzj/oW+0eQV9WxKBDZw5+ycmKmeaTXjInS/W0BzpGLo2xR2aBwZdg=="
				},
				"web3-core-promievent": {
					"version": "1.3.5",
					"resolved": "https://registry.npmjs.org/web3-core-promievent/-/web3-core-promievent-1.3.5.tgz",
					"integrity": "sha512-K0j8x3ZJr0eAyNvyUCxOUsSTd4hco0/9nxxlyOuijcsa6YV8l9NL6eqhniWbSyxCJT8ka5Mb7yAiUZe69EDLBQ==",
					"requires": {
						"eventemitter3": "4.0.4"
					}
				}
			}
		},
		"web3-core-subscriptions": {
			"version": "1.3.5",
			"resolved": "https://registry.npmjs.org/web3-core-subscriptions/-/web3-core-subscriptions-1.3.5.tgz",
			"integrity": "sha512-6mtXdaEB1V1zKLqYBq7RF2W75AK5ZJNGpW6QYC7Zvbku7zq1ZlgaUkJo88JKMWJ7etfaHaYqQ/7VveHk5sQynA==",
			"requires": {
				"eventemitter3": "4.0.4",
				"underscore": "1.9.1",
				"web3-core-helpers": "1.3.5"
			},
			"dependencies": {
				"eventemitter3": {
					"version": "4.0.4",
					"resolved": "https://registry.npmjs.org/eventemitter3/-/eventemitter3-4.0.4.tgz",
					"integrity": "sha512-rlaVLnVxtxvoyLsQQFBx53YmXHDxRIzzTLbdfxqi4yocpSjAxXwkU0cScM5JgSKMqEhrZpnvQ2D9gjylR0AimQ=="
				},
				"underscore": {
					"version": "1.9.1",
					"resolved": "https://registry.npmjs.org/underscore/-/underscore-1.9.1.tgz",
					"integrity": "sha512-5/4etnCkd9c8gwgowi5/om/mYO5ajCaOgdzj/oW+0eQV9WxKBDZw5+ycmKmeaTXjInS/W0BzpGLo2xR2aBwZdg=="
				}
			}
		},
		"web3-eth-personal": {
			"version": "1.3.5",
			"resolved": "https://registry.npmjs.org/web3-eth-personal/-/web3-eth-personal-1.3.5.tgz",
			"integrity": "sha512-xELQHNZ8p3VoO1582ghCaq+Bx7pSkOOalc6/ACOCGtHDMelqgVejrmSIZGScYl+k0HzngmQAzURZWQocaoGM1g==",
			"requires": {
				"@types/node": "^12.12.6",
				"web3-core": "1.3.5",
				"web3-core-helpers": "1.3.5",
				"web3-core-method": "1.3.5",
				"web3-net": "1.3.5",
				"web3-utils": "1.3.5"
			},
			"dependencies": {
				"@types/node": {
					"version": "12.20.12",
					"resolved": "https://registry.npmjs.org/@types/node/-/node-12.20.12.tgz",
					"integrity": "sha512-KQZ1al2hKOONAs2MFv+yTQP1LkDWMrRJ9YCVRalXltOfXsBmH5IownLxQaiq0lnAHwAViLnh2aTYqrPcRGEbgg=="
				}
			}
		},
		"web3-net": {
			"version": "1.3.5",
			"resolved": "https://registry.npmjs.org/web3-net/-/web3-net-1.3.5.tgz",
			"integrity": "sha512-usbFbuUpKK8s7jPLGoUzi/WpNnefGFPTj948aJv8BZ04UQA4L/XS5NNkkhk358zNMmhGfEFW8wrWy+0Oy0njtA==",
			"requires": {
				"web3-core": "1.3.5",
				"web3-core-method": "1.3.5",
				"web3-utils": "1.3.5"
			}
		},
		"web3-utils": {
			"version": "1.3.5",
			"resolved": "https://registry.npmjs.org/web3-utils/-/web3-utils-1.3.5.tgz",
			"integrity": "sha512-5apMRm8ElYjI/92GHqijmaLC+s+d5lgjpjHft+rJSs/dsnX8I8tQreqev0dmU+wzU+2EEe4Sx9a/OwGWHhQv3A==",
			"requires": {
				"bn.js": "^4.11.9",
				"eth-lib": "0.2.8",
				"ethereum-bloom-filters": "^1.0.6",
				"ethjs-unit": "0.1.6",
				"number-to-bn": "1.7.0",
				"randombytes": "^2.1.0",
				"underscore": "1.9.1",
				"utf8": "3.0.0"
			},
			"dependencies": {
				"bn.js": {
					"version": "4.12.0",
					"resolved": "https://registry.npmjs.org/bn.js/-/bn.js-4.12.0.tgz",
					"integrity": "sha512-c98Bf3tPniI+scsdk237ku1Dc3ujXQTSgyiPUDEOe7tRkhrqridvh8klBv0HCEso1OLOYcHuCv/cS6DNxKH+ZA=="
				},
				"brorand": {
					"version": "1.1.0",
					"resolved": "https://registry.npmjs.org/brorand/-/brorand-1.1.0.tgz",
					"integrity": "sha1-EsJe/kCkXjwyPrhnWgoM5XsiNx8="
				},
				"buffer-to-arraybuffer": {
					"version": "0.0.5",
					"resolved": "https://registry.npmjs.org/buffer-to-arraybuffer/-/buffer-to-arraybuffer-0.0.5.tgz",
					"integrity": "sha1-YGSkD6dutDxyOrqe+PbhIW0QURo="
				},
				"decode-uri-component": {
					"version": "0.2.0",
					"resolved": "https://registry.npmjs.org/decode-uri-component/-/decode-uri-component-0.2.0.tgz",
					"integrity": "sha1-6zkTMzRYd1y4TNGh+uBiEGu4dUU="
				},
				"decompress-response": {
					"version": "3.3.0",
					"resolved": "https://registry.npmjs.org/decompress-response/-/decompress-response-3.3.0.tgz",
					"integrity": "sha1-gKTdMjdIOEv6JICDYirt7Jgq3/M=",
					"requires": {
						"mimic-response": "^1.0.0"
					}
				},
				"dom-walk": {
					"version": "0.1.2",
					"resolved": "https://registry.npmjs.org/dom-walk/-/dom-walk-0.1.2.tgz",
					"integrity": "sha512-6QvTW9mrGeIegrFXdtQi9pk7O/nSK6lSdXW2eqUspN5LWD7UTji2Fqw5V2YLjBpHEoU9Xl/eUWNpDeZvoyOv2w=="
				},
				"elliptic": {
					"version": "6.5.4",
					"resolved": "https://registry.npmjs.org/elliptic/-/elliptic-6.5.4.tgz",
					"integrity": "sha512-iLhC6ULemrljPZb+QutR5TQGB+pdW6KGD5RSegS+8sorOZT+rdQFbsQFJgvN3eRqNALqJer4oQ16YvJHlU8hzQ==",
					"requires": {
						"bn.js": "^4.11.9",
						"brorand": "^1.1.0",
						"hash.js": "^1.0.0",
						"hmac-drbg": "^1.0.1",
						"inherits": "^2.0.4",
						"minimalistic-assert": "^1.0.1",
						"minimalistic-crypto-utils": "^1.0.1"
					}
				},
				"eth-lib": {
					"version": "0.2.8",
					"resolved": "https://registry.npmjs.org/eth-lib/-/eth-lib-0.2.8.tgz",
					"integrity": "sha512-ArJ7x1WcWOlSpzdoTBX8vkwlkSQ85CjjifSZtV4co64vWxSV8geWfPI9x4SVYu3DSxnX4yWFVTtGL+j9DUFLNw==",
					"requires": {
						"bn.js": "^4.11.6",
						"elliptic": "^6.4.0",
						"xhr-request-promise": "^0.1.2"
					}
				},
				"ethereum-bloom-filters": {
					"version": "1.0.9",
					"resolved": "https://registry.npmjs.org/ethereum-bloom-filters/-/ethereum-bloom-filters-1.0.9.tgz",
					"integrity": "sha512-GiK/RQkAkcVaEdxKVkPcG07PQ5vD7v2MFSHgZmBJSfMzNRHimntdBithsHAT89tAXnIpzVDWt8iaCD1DvkaxGg==",
					"requires": {
						"js-sha3": "^0.8.0"
					}
				},
				"ethjs-unit": {
					"version": "0.1.6",
					"resolved": "https://registry.npmjs.org/ethjs-unit/-/ethjs-unit-0.1.6.tgz",
					"integrity": "sha1-xmWSHkduh7ziqdWIpv4EBbLEFpk=",
					"requires": {
						"bn.js": "4.11.6",
						"number-to-bn": "1.7.0"
					},
					"dependencies": {
						"bn.js": {
							"version": "4.11.6",
							"resolved": "https://registry.npmjs.org/bn.js/-/bn.js-4.11.6.tgz",
							"integrity": "sha1-UzRK2xRhehP26N0s4okF0cC6MhU="
						}
					}
				},
				"global": {
					"version": "4.4.0",
					"resolved": "https://registry.npmjs.org/global/-/global-4.4.0.tgz",
					"integrity": "sha512-wv/LAoHdRE3BeTGz53FAamhGlPLhlssK45usmGFThIi4XqnBmjKQ16u+RNbP7WvigRZDxUsM0J3gcQ5yicaL0w==",
					"requires": {
						"min-document": "^2.19.0",
						"process": "^0.11.10"
					}
				},
				"hash.js": {
					"version": "1.1.7",
					"resolved": "https://registry.npmjs.org/hash.js/-/hash.js-1.1.7.tgz",
					"integrity": "sha512-taOaskGt4z4SOANNseOviYDvjEJinIkRgmp7LbKP2YTTmVxWBl87s/uzK9r+44BclBSp2X7K1hqeNfz9JbBeXA==",
					"requires": {
						"inherits": "^2.0.3",
						"minimalistic-assert": "^1.0.1"
					}
				},
				"hmac-drbg": {
					"version": "1.0.1",
					"resolved": "https://registry.npmjs.org/hmac-drbg/-/hmac-drbg-1.0.1.tgz",
					"integrity": "sha1-0nRXAQJabHdabFRXk+1QL8DGSaE=",
					"requires": {
						"hash.js": "^1.0.3",
						"minimalistic-assert": "^1.0.0",
						"minimalistic-crypto-utils": "^1.0.1"
					}
				},
				"inherits": {
					"version": "2.0.4",
					"resolved": "https://registry.npmjs.org/inherits/-/inherits-2.0.4.tgz",
					"integrity": "sha512-k/vGaX4/Yla3WzyMCvTQOXYeIHvqOKtnqBduzTHpzpQZzAskKMhZ2K+EnBiSM9zGSoIFeMpXKxa4dYeZIQqewQ=="
				},
				"is-function": {
					"version": "1.0.2",
					"resolved": "https://registry.npmjs.org/is-function/-/is-function-1.0.2.tgz",
					"integrity": "sha512-lw7DUp0aWXYg+CBCN+JKkcE0Q2RayZnSvnZBlwgxHBQhqt5pZNVy4Ri7H9GmmXkdu7LUthszM+Tor1u/2iBcpQ=="
				},
				"is-hex-prefixed": {
					"version": "1.0.0",
					"resolved": "https://registry.npmjs.org/is-hex-prefixed/-/is-hex-prefixed-1.0.0.tgz",
					"integrity": "sha1-fY035q135dEnFIkTxXPggtd39VQ="
				},
				"js-sha3": {
					"version": "0.8.0",
					"resolved": "https://registry.npmjs.org/js-sha3/-/js-sha3-0.8.0.tgz",
					"integrity": "sha512-gF1cRrHhIzNfToc802P800N8PpXS+evLLXfsVpowqmAFR9uwbi89WvXg2QspOmXL8QL86J4T1EpFu+yUkwJY3Q=="
				},
				"mimic-response": {
					"version": "1.0.1",
					"resolved": "https://registry.npmjs.org/mimic-response/-/mimic-response-1.0.1.tgz",
					"integrity": "sha512-j5EctnkH7amfV/q5Hgmoal1g2QHFJRraOtmx0JpIqkxhBhI/lJSl1nMpQ45hVarwNETOoWEimndZ4QK0RHxuxQ=="
				},
				"min-document": {
					"version": "2.19.0",
					"resolved": "https://registry.npmjs.org/min-document/-/min-document-2.19.0.tgz",
					"integrity": "sha1-e9KC4/WELtKVu3SM3Z8f+iyCRoU=",
					"requires": {
						"dom-walk": "^0.1.0"
					}
				},
				"minimalistic-assert": {
					"version": "1.0.1",
					"resolved": "https://registry.npmjs.org/minimalistic-assert/-/minimalistic-assert-1.0.1.tgz",
					"integrity": "sha512-UtJcAD4yEaGtjPezWuO9wC4nwUnVH/8/Im3yEHQP4b67cXlD/Qr9hdITCU1xDbSEXg2XKNaP8jsReV7vQd00/A=="
				},
				"minimalistic-crypto-utils": {
					"version": "1.0.1",
					"resolved": "https://registry.npmjs.org/minimalistic-crypto-utils/-/minimalistic-crypto-utils-1.0.1.tgz",
					"integrity": "sha1-9sAMHAsIIkblxNmd+4x8CDsrWCo="
				},
				"number-to-bn": {
					"version": "1.7.0",
					"resolved": "https://registry.npmjs.org/number-to-bn/-/number-to-bn-1.7.0.tgz",
					"integrity": "sha1-uzYjWS9+X54AMLGXe9QaDFP+HqA=",
					"requires": {
						"bn.js": "4.11.6",
						"strip-hex-prefix": "1.0.0"
					},
					"dependencies": {
						"bn.js": {
							"version": "4.11.6",
							"resolved": "https://registry.npmjs.org/bn.js/-/bn.js-4.11.6.tgz",
							"integrity": "sha1-UzRK2xRhehP26N0s4okF0cC6MhU="
						}
					}
				},
				"object-assign": {
					"version": "4.1.1",
					"resolved": "https://registry.npmjs.org/object-assign/-/object-assign-4.1.1.tgz",
					"integrity": "sha1-IQmtx5ZYh8/AXLvUQsrIv7s2CGM="
				},
				"once": {
					"version": "1.4.0",
					"resolved": "https://registry.npmjs.org/once/-/once-1.4.0.tgz",
					"integrity": "sha1-WDsap3WWHUsROsF9nFC6753Xa9E=",
					"requires": {
						"wrappy": "1"
					}
				},
				"parse-headers": {
					"version": "2.0.3",
					"resolved": "https://registry.npmjs.org/parse-headers/-/parse-headers-2.0.3.tgz",
					"integrity": "sha512-QhhZ+DCCit2Coi2vmAKbq5RGTRcQUOE2+REgv8vdyu7MnYx2eZztegqtTx99TZ86GTIwqiy3+4nQTWZ2tgmdCA=="
				},
				"process": {
					"version": "0.11.10",
					"resolved": "https://registry.npmjs.org/process/-/process-0.11.10.tgz",
					"integrity": "sha1-czIwDoQBYb2j5podHZGn1LwW8YI="
				},
				"query-string": {
					"version": "5.1.1",
					"resolved": "https://registry.npmjs.org/query-string/-/query-string-5.1.1.tgz",
					"integrity": "sha512-gjWOsm2SoGlgLEdAGt7a6slVOk9mGiXmPFMqrEhLQ68rhQuBnpfs3+EmlvqKyxnCo9/PPlF+9MtY02S1aFg+Jw==",
					"requires": {
						"decode-uri-component": "^0.2.0",
						"object-assign": "^4.1.0",
						"strict-uri-encode": "^1.0.0"
					}
				},
				"randombytes": {
					"version": "2.1.0",
					"resolved": "https://registry.npmjs.org/randombytes/-/randombytes-2.1.0.tgz",
					"integrity": "sha512-vYl3iOX+4CKUWuxGi9Ukhie6fsqXqS9FE2Zaic4tNFD2N2QQaXOMFbuKK4QmDHC0JO6B1Zp41J0LpT0oR68amQ==",
					"requires": {
						"safe-buffer": "^5.1.0"
					}
				},
				"safe-buffer": {
					"version": "5.2.1",
					"resolved": "https://registry.npmjs.org/safe-buffer/-/safe-buffer-5.2.1.tgz",
					"integrity": "sha512-rp3So07KcdmmKbGvgaNxQSJr7bGVSVk5S9Eq1F+ppbRo70+YeaDxkw5Dd8NPN+GD6bjnYm2VuPuCXmpuYvmCXQ=="
				},
				"simple-concat": {
					"version": "1.0.1",
					"resolved": "https://registry.npmjs.org/simple-concat/-/simple-concat-1.0.1.tgz",
					"integrity": "sha512-cSFtAPtRhljv69IK0hTVZQ+OfE9nePi/rtJmw5UjHeVyVroEqJXP1sFztKUy1qU+xvz3u/sfYJLa947b7nAN2Q=="
				},
				"simple-get": {
					"version": "2.8.1",
					"resolved": "https://registry.npmjs.org/simple-get/-/simple-get-2.8.1.tgz",
					"integrity": "sha512-lSSHRSw3mQNUGPAYRqo7xy9dhKmxFXIjLjp4KHpf99GEH2VH7C3AM+Qfx6du6jhfUi6Vm7XnbEVEf7Wb6N8jRw==",
					"requires": {
						"decompress-response": "^3.3.0",
						"once": "^1.3.1",
						"simple-concat": "^1.0.0"
					}
				},
				"strict-uri-encode": {
					"version": "1.1.0",
					"resolved": "https://registry.npmjs.org/strict-uri-encode/-/strict-uri-encode-1.1.0.tgz",
					"integrity": "sha1-J5siXfHVgrH1TmWt3UNS4Y+qBxM="
				},
				"strip-hex-prefix": {
					"version": "1.0.0",
					"resolved": "https://registry.npmjs.org/strip-hex-prefix/-/strip-hex-prefix-1.0.0.tgz",
					"integrity": "sha1-DF8VX+8RUTczd96du1iNoFUA428=",
					"requires": {
						"is-hex-prefixed": "1.0.0"
					}
				},
				"timed-out": {
					"version": "4.0.1",
					"resolved": "https://registry.npmjs.org/timed-out/-/timed-out-4.0.1.tgz",
					"integrity": "sha1-8y6srFoXW+ol1/q1Zas+2HQe9W8="
				},
				"underscore": {
					"version": "1.9.1",
					"resolved": "https://registry.npmjs.org/underscore/-/underscore-1.9.1.tgz",
					"integrity": "sha512-5/4etnCkd9c8gwgowi5/om/mYO5ajCaOgdzj/oW+0eQV9WxKBDZw5+ycmKmeaTXjInS/W0BzpGLo2xR2aBwZdg=="
				},
				"url-set-query": {
					"version": "1.0.0",
					"resolved": "https://registry.npmjs.org/url-set-query/-/url-set-query-1.0.0.tgz",
					"integrity": "sha1-AW6M/Xwg7gXK/neV6JK9BwL6ozk="
				},
				"utf8": {
					"version": "3.0.0",
					"resolved": "https://registry.npmjs.org/utf8/-/utf8-3.0.0.tgz",
					"integrity": "sha512-E8VjFIQ/TyQgp+TZfS6l8yp/xWppSAHzidGiRrqe4bK4XP9pTRyKFgGJpO3SN7zdX4DeomTrwaseCHovfpFcqQ=="
				},
				"wrappy": {
					"version": "1.0.2",
					"resolved": "https://registry.npmjs.org/wrappy/-/wrappy-1.0.2.tgz",
					"integrity": "sha1-tSQ9jz7BqjXxNkYFvA0QNuMKtp8="
				},
				"xhr": {
					"version": "2.6.0",
					"resolved": "https://registry.npmjs.org/xhr/-/xhr-2.6.0.tgz",
					"integrity": "sha512-/eCGLb5rxjx5e3mF1A7s+pLlR6CGyqWN91fv1JgER5mVWg1MZmlhBvy9kjcsOdRk8RrIujotWyJamfyrp+WIcA==",
					"requires": {
						"global": "~4.4.0",
						"is-function": "^1.0.1",
						"parse-headers": "^2.0.0",
						"xtend": "^4.0.0"
					}
				},
				"xhr-request": {
					"version": "1.1.0",
					"resolved": "https://registry.npmjs.org/xhr-request/-/xhr-request-1.1.0.tgz",
					"integrity": "sha512-Y7qzEaR3FDtL3fP30k9wO/e+FBnBByZeybKOhASsGP30NIkRAAkKD/sCnLvgEfAIEC1rcmK7YG8f4oEnIrrWzA==",
					"requires": {
						"buffer-to-arraybuffer": "^0.0.5",
						"object-assign": "^4.1.1",
						"query-string": "^5.0.1",
						"simple-get": "^2.7.0",
						"timed-out": "^4.0.1",
						"url-set-query": "^1.0.0",
						"xhr": "^2.0.4"
					}
				},
				"xhr-request-promise": {
					"version": "0.1.3",
					"resolved": "https://registry.npmjs.org/xhr-request-promise/-/xhr-request-promise-0.1.3.tgz",
					"integrity": "sha512-YUBytBsuwgitWtdRzXDDkWAXzhdGB8bYm0sSzMPZT7Z2MBjMSTHFsyCT1yCRATY+XC69DUrQraRAEgcoCRaIPg==",
					"requires": {
						"xhr-request": "^1.1.0"
					}
				},
				"xtend": {
					"version": "4.0.2",
					"resolved": "https://registry.npmjs.org/xtend/-/xtend-4.0.2.tgz",
					"integrity": "sha512-LKYU1iAXJXUgAXn9URjiu+MWhyUXHsvfp7mcuYm9dSUKK0/CjtrUwFAxD82/mCWbtLsGjFIad0wIsod4zrTAEQ=="
				}
			}
		}
	}
}
